// !$*UTF8*$!
{
	archiveVersion = 1;
	classes = {
	};
	objectVersion = 46;
	objects = {

/* Begin PBXBuildFile section */
		522DAEA21F04279000468367 /* NewImageNumber.swift in Sources */ = {isa = PBXBuildFile; fileRef = 522DAEA11F04279000468367 /* NewImageNumber.swift */; };
		522DAEA41F0427FE00468367 /* NewTagNumber.swift in Sources */ = {isa = PBXBuildFile; fileRef = 522DAEA31F0427FE00468367 /* NewTagNumber.swift */; };
		522DAEA61F04287500468367 /* ImageTagNumber.swift in Sources */ = {isa = PBXBuildFile; fileRef = 522DAEA51F04287500468367 /* ImageTagNumber.swift */; };
		522DAEA81F04291A00468367 /* UserTagNumber.swift in Sources */ = {isa = PBXBuildFile; fileRef = 522DAEA71F04291A00468367 /* UserTagNumber.swift */; };
		522DAEAA1F04299000468367 /* DiagramStatistics.swift in Sources */ = {isa = PBXBuildFile; fileRef = 522DAEA91F04299000468367 /* DiagramStatistics.swift */; };
		5230A2411F0169DA0060F99A /* MenuViewController.swift in Sources */ = {isa = PBXBuildFile; fileRef = 5230A23E1F0169DA0060F99A /* MenuViewController.swift */; };
		5230A2421F0169DA0060F99A /* HomeViewController.swift in Sources */ = {isa = PBXBuildFile; fileRef = 5230A23F1F0169DA0060F99A /* HomeViewController.swift */; };
		5230A2441F0169FE0060F99A /* Main.storyboard in Resources */ = {isa = PBXBuildFile; fileRef = 5230A2431F0169FE0060F99A /* Main.storyboard */; };
		5230A2471F016A6A0060F99A /* CircularRevealAnimator.swift in Sources */ = {isa = PBXBuildFile; fileRef = 5230A2451F016A6A0060F99A /* CircularRevealAnimator.swift */; };
		5230A2481F016A6A0060F99A /* CircularRevealTransitionAnimator.swift in Sources */ = {isa = PBXBuildFile; fileRef = 5230A2461F016A6A0060F99A /* CircularRevealTransitionAnimator.swift */; };
		523558151F018AFB003DA55A /* ImgMasterUtil.swift in Sources */ = {isa = PBXBuildFile; fileRef = 523558141F018AFB003DA55A /* ImgMasterUtil.swift */; };
		52355A881EFEBB1500932E34 /* User.swift in Sources */ = {isa = PBXBuildFile; fileRef = 52355A871EFEBB1500932E34 /* User.swift */; };
		52355A8A1EFECC9800932E34 /* UserInfo.swift in Sources */ = {isa = PBXBuildFile; fileRef = 52355A891EFECC9800932E34 /* UserInfo.swift */; };
		52355A8C1EFED9C300932E34 /* UserDetail.swift in Sources */ = {isa = PBXBuildFile; fileRef = 52355A8B1EFED9C300932E34 /* UserDetail.swift */; };
		52355A8E1EFEDBC800932E34 /* Hobby.swift in Sources */ = {isa = PBXBuildFile; fileRef = 52355A8D1EFEDBC800932E34 /* Hobby.swift */; };
		525460A01F05F9160092364F /* AMInputView.swift in Sources */ = {isa = PBXBuildFile; fileRef = 5254609E1F05F9160092364F /* AMInputView.swift */; };
		525460A11F05F9160092364F /* AMInputView.xib in Resources */ = {isa = PBXBuildFile; fileRef = 5254609F1F05F9160092364F /* AMInputView.xib */; };
		525460A31F05F92C0092364F /* AuthenticationViewController.swift in Sources */ = {isa = PBXBuildFile; fileRef = 525460A21F05F92C0092364F /* AuthenticationViewController.swift */; };
		5259B7A01EFFCEA900B989A3 /* Image.swift in Sources */ = {isa = PBXBuildFile; fileRef = 5259B79F1EFFCEA900B989A3 /* Image.swift */; };
		5259B7A21EFFCFC200B989A3 /* ImageList.swift in Sources */ = {isa = PBXBuildFile; fileRef = 5259B7A11EFFCFC200B989A3 /* ImageList.swift */; };
		5259B7A41EFFD41C00B989A3 /* ImageResultList.swift in Sources */ = {isa = PBXBuildFile; fileRef = 5259B7A31EFFD41C00B989A3 /* ImageResultList.swift */; };
		5259B7A61EFFD77F00B989A3 /* ImageStatisticsResultList.swift in Sources */ = {isa = PBXBuildFile; fileRef = 5259B7A51EFFD77F00B989A3 /* ImageStatisticsResultList.swift */; };
		5259B7A81EFFD7B000B989A3 /* Tag.swift in Sources */ = {isa = PBXBuildFile; fileRef = 5259B7A71EFFD7B000B989A3 /* Tag.swift */; };
		5259B7AA1EFFDA6600B989A3 /* ImageStatisticsResult.swift in Sources */ = {isa = PBXBuildFile; fileRef = 5259B7A91EFFDA6600B989A3 /* ImageStatisticsResult.swift */; };
		525C50981F04247F00A2CD71 /* RegisterNumber.swift in Sources */ = {isa = PBXBuildFile; fileRef = 525C50971F04247F00A2CD71 /* RegisterNumber.swift */; };
		527EF12E1EFE4D8D00D3DE79 /* APIManager.swift in Sources */ = {isa = PBXBuildFile; fileRef = 527EF12D1EFE4D8D00D3DE79 /* APIManager.swift */; };
		527EF1321EFE4DA600D3DE79 /* Constants.swift in Sources */ = {isa = PBXBuildFile; fileRef = 527EF1311EFE4DA600D3DE79 /* Constants.swift */; };
		52B2093F1F0181E500E7787B /* ImageUploadViewController.swift in Sources */ = {isa = PBXBuildFile; fileRef = 52B2093E1F0181E500E7787B /* ImageUploadViewController.swift */; };
		52B209411F0181ED00E7787B /* AboutUsViewController.swift in Sources */ = {isa = PBXBuildFile; fileRef = 52B209401F0181ED00E7787B /* AboutUsViewController.swift */; };
		52B209431F0181F600E7787B /* PhotoGalleryViewController.swift in Sources */ = {isa = PBXBuildFile; fileRef = 52B209421F0181F600E7787B /* PhotoGalleryViewController.swift */; };
		52B209451F01820100E7787B /* DiagramsViewController.swift in Sources */ = {isa = PBXBuildFile; fileRef = 52B209441F01820100E7787B /* DiagramsViewController.swift */; };
		52D0C4BA1EFE4B1F00E354BF /* AppDelegate.swift in Sources */ = {isa = PBXBuildFile; fileRef = 52D0C4B91EFE4B1F00E354BF /* AppDelegate.swift */; };
		52D0C4C11EFE4B1F00E354BF /* Assets.xcassets in Resources */ = {isa = PBXBuildFile; fileRef = 52D0C4C01EFE4B1F00E354BF /* Assets.xcassets */; };
		52D0C4C41EFE4B1F00E354BF /* LaunchScreen.storyboard in Resources */ = {isa = PBXBuildFile; fileRef = 52D0C4C21EFE4B1F00E354BF /* LaunchScreen.storyboard */; };
		52D0C4CF1EFE4B1F00E354BF /* ImgMasterTests.swift in Sources */ = {isa = PBXBuildFile; fileRef = 52D0C4CE1EFE4B1F00E354BF /* ImgMasterTests.swift */; };
		52E26B5A1EFE52B40079E818 /* NetworkTests.swift in Sources */ = {isa = PBXBuildFile; fileRef = 52E26B591EFE52B40079E818 /* NetworkTests.swift */; };
		52F61A2D1F016ACF00E89D27 /* AnimationDelegate.swift in Sources */ = {isa = PBXBuildFile; fileRef = 52F61A2C1F016ACF00E89D27 /* AnimationDelegate.swift */; };
		52F61A2F1F016B5F00E89D27 /* UITableViewCell.swift in Sources */ = {isa = PBXBuildFile; fileRef = 52F61A2E1F016B5F00E89D27 /* UITableViewCell.swift */; };
		5F828C5C5B73DEE7768CB643 /* Pods_ImgMaster.framework in Frameworks */ = {isa = PBXBuildFile; fileRef = 6B180BF088123C6A0F6F738A /* Pods_ImgMaster.framework */; };
		6501B333732B2D02A78D567D /* Pods_ImgMasterTests.framework in Frameworks */ = {isa = PBXBuildFile; fileRef = 7BB91289A2D2EF14309E993D /* Pods_ImgMasterTests.framework */; };
/* End PBXBuildFile section */

/* Begin PBXContainerItemProxy section */
		52D0C4CB1EFE4B1F00E354BF /* PBXContainerItemProxy */ = {
			isa = PBXContainerItemProxy;
			containerPortal = 52D0C4AE1EFE4B1F00E354BF /* Project object */;
			proxyType = 1;
			remoteGlobalIDString = 52D0C4B51EFE4B1F00E354BF;
			remoteInfo = ImgMaster;
		};
/* End PBXContainerItemProxy section */

/* Begin PBXFileReference section */
		522DAEA11F04279000468367 /* NewImageNumber.swift */ = {isa = PBXFileReference; fileEncoding = 4; lastKnownFileType = sourcecode.swift; path = NewImageNumber.swift; sourceTree = "<group>"; };
		522DAEA31F0427FE00468367 /* NewTagNumber.swift */ = {isa = PBXFileReference; fileEncoding = 4; lastKnownFileType = sourcecode.swift; path = NewTagNumber.swift; sourceTree = "<group>"; };
		522DAEA51F04287500468367 /* ImageTagNumber.swift */ = {isa = PBXFileReference; fileEncoding = 4; lastKnownFileType = sourcecode.swift; path = ImageTagNumber.swift; sourceTree = "<group>"; };
		522DAEA71F04291A00468367 /* UserTagNumber.swift */ = {isa = PBXFileReference; fileEncoding = 4; lastKnownFileType = sourcecode.swift; path = UserTagNumber.swift; sourceTree = "<group>"; };
		522DAEA91F04299000468367 /* DiagramStatistics.swift */ = {isa = PBXFileReference; fileEncoding = 4; lastKnownFileType = sourcecode.swift; path = DiagramStatistics.swift; sourceTree = "<group>"; };
		5230A23E1F0169DA0060F99A /* MenuViewController.swift */ = {isa = PBXFileReference; fileEncoding = 4; lastKnownFileType = sourcecode.swift; name = MenuViewController.swift; path = ../MenuViewController.swift; sourceTree = "<group>"; };
		5230A23F1F0169DA0060F99A /* HomeViewController.swift */ = {isa = PBXFileReference; fileEncoding = 4; lastKnownFileType = sourcecode.swift; name = HomeViewController.swift; path = ../HomeViewController.swift; sourceTree = "<group>"; };
		5230A2431F0169FE0060F99A /* Main.storyboard */ = {isa = PBXFileReference; fileEncoding = 4; lastKnownFileType = file.storyboard; name = Main.storyboard; path = ../Main.storyboard; sourceTree = "<group>"; };
		5230A2451F016A6A0060F99A /* CircularRevealAnimator.swift */ = {isa = PBXFileReference; fileEncoding = 4; lastKnownFileType = sourcecode.swift; name = CircularRevealAnimator.swift; path = ../CircularRevealAnimator.swift; sourceTree = "<group>"; };
		5230A2461F016A6A0060F99A /* CircularRevealTransitionAnimator.swift */ = {isa = PBXFileReference; fileEncoding = 4; lastKnownFileType = sourcecode.swift; name = CircularRevealTransitionAnimator.swift; path = ../CircularRevealTransitionAnimator.swift; sourceTree = "<group>"; };
		523558141F018AFB003DA55A /* ImgMasterUtil.swift */ = {isa = PBXFileReference; fileEncoding = 4; lastKnownFileType = sourcecode.swift; path = ImgMasterUtil.swift; sourceTree = "<group>"; };
		52355A871EFEBB1500932E34 /* User.swift */ = {isa = PBXFileReference; fileEncoding = 4; lastKnownFileType = sourcecode.swift; path = User.swift; sourceTree = "<group>"; };
		52355A891EFECC9800932E34 /* UserInfo.swift */ = {isa = PBXFileReference; fileEncoding = 4; lastKnownFileType = sourcecode.swift; path = UserInfo.swift; sourceTree = "<group>"; };
		52355A8B1EFED9C300932E34 /* UserDetail.swift */ = {isa = PBXFileReference; fileEncoding = 4; lastKnownFileType = sourcecode.swift; path = UserDetail.swift; sourceTree = "<group>"; };
		52355A8D1EFEDBC800932E34 /* Hobby.swift */ = {isa = PBXFileReference; fileEncoding = 4; lastKnownFileType = sourcecode.swift; path = Hobby.swift; sourceTree = "<group>"; };
		5254609E1F05F9160092364F /* AMInputView.swift */ = {isa = PBXFileReference; fileEncoding = 4; lastKnownFileType = sourcecode.swift; path = AMInputView.swift; sourceTree = "<group>"; };
		5254609F1F05F9160092364F /* AMInputView.xib */ = {isa = PBXFileReference; fileEncoding = 4; lastKnownFileType = file.xib; path = AMInputView.xib; sourceTree = "<group>"; };
		525460A21F05F92C0092364F /* AuthenticationViewController.swift */ = {isa = PBXFileReference; fileEncoding = 4; lastKnownFileType = sourcecode.swift; path = AuthenticationViewController.swift; sourceTree = "<group>"; };
		5259B79F1EFFCEA900B989A3 /* Image.swift */ = {isa = PBXFileReference; fileEncoding = 4; lastKnownFileType = sourcecode.swift; path = Image.swift; sourceTree = "<group>"; };
		5259B7A11EFFCFC200B989A3 /* ImageList.swift */ = {isa = PBXFileReference; fileEncoding = 4; lastKnownFileType = sourcecode.swift; path = ImageList.swift; sourceTree = "<group>"; };
		5259B7A31EFFD41C00B989A3 /* ImageResultList.swift */ = {isa = PBXFileReference; fileEncoding = 4; lastKnownFileType = sourcecode.swift; path = ImageResultList.swift; sourceTree = "<group>"; };
		5259B7A51EFFD77F00B989A3 /* ImageStatisticsResultList.swift */ = {isa = PBXFileReference; fileEncoding = 4; lastKnownFileType = sourcecode.swift; path = ImageStatisticsResultList.swift; sourceTree = "<group>"; };
		5259B7A71EFFD7B000B989A3 /* Tag.swift */ = {isa = PBXFileReference; fileEncoding = 4; lastKnownFileType = sourcecode.swift; path = Tag.swift; sourceTree = "<group>"; };
		5259B7A91EFFDA6600B989A3 /* ImageStatisticsResult.swift */ = {isa = PBXFileReference; fileEncoding = 4; lastKnownFileType = sourcecode.swift; path = ImageStatisticsResult.swift; sourceTree = "<group>"; };
		525C50971F04247F00A2CD71 /* RegisterNumber.swift */ = {isa = PBXFileReference; fileEncoding = 4; lastKnownFileType = sourcecode.swift; path = RegisterNumber.swift; sourceTree = "<group>"; };
		527EF12D1EFE4D8D00D3DE79 /* APIManager.swift */ = {isa = PBXFileReference; fileEncoding = 4; lastKnownFileType = sourcecode.swift; path = APIManager.swift; sourceTree = "<group>"; };
		527EF1311EFE4DA600D3DE79 /* Constants.swift */ = {isa = PBXFileReference; fileEncoding = 4; lastKnownFileType = sourcecode.swift; path = Constants.swift; sourceTree = "<group>"; };
		52B2093E1F0181E500E7787B /* ImageUploadViewController.swift */ = {isa = PBXFileReference; fileEncoding = 4; lastKnownFileType = sourcecode.swift; path = ImageUploadViewController.swift; sourceTree = "<group>"; };
		52B209401F0181ED00E7787B /* AboutUsViewController.swift */ = {isa = PBXFileReference; fileEncoding = 4; lastKnownFileType = sourcecode.swift; path = AboutUsViewController.swift; sourceTree = "<group>"; };
		52B209421F0181F600E7787B /* PhotoGalleryViewController.swift */ = {isa = PBXFileReference; fileEncoding = 4; lastKnownFileType = sourcecode.swift; path = PhotoGalleryViewController.swift; sourceTree = "<group>"; };
		52B209441F01820100E7787B /* DiagramsViewController.swift */ = {isa = PBXFileReference; fileEncoding = 4; lastKnownFileType = sourcecode.swift; path = DiagramsViewController.swift; sourceTree = "<group>"; };
		52D0C4B61EFE4B1F00E354BF /* ImgMaster.app */ = {isa = PBXFileReference; explicitFileType = wrapper.application; includeInIndex = 0; path = ImgMaster.app; sourceTree = BUILT_PRODUCTS_DIR; };
		52D0C4B91EFE4B1F00E354BF /* AppDelegate.swift */ = {isa = PBXFileReference; lastKnownFileType = sourcecode.swift; path = AppDelegate.swift; sourceTree = "<group>"; };
		52D0C4C01EFE4B1F00E354BF /* Assets.xcassets */ = {isa = PBXFileReference; lastKnownFileType = folder.assetcatalog; path = Assets.xcassets; sourceTree = "<group>"; };
		52D0C4C31EFE4B1F00E354BF /* Base */ = {isa = PBXFileReference; lastKnownFileType = file.storyboard; name = Base; path = Base.lproj/LaunchScreen.storyboard; sourceTree = "<group>"; };
		52D0C4C51EFE4B1F00E354BF /* Info.plist */ = {isa = PBXFileReference; lastKnownFileType = text.plist.xml; path = Info.plist; sourceTree = "<group>"; };
		52D0C4CA1EFE4B1F00E354BF /* ImgMasterTests.xctest */ = {isa = PBXFileReference; explicitFileType = wrapper.cfbundle; includeInIndex = 0; path = ImgMasterTests.xctest; sourceTree = BUILT_PRODUCTS_DIR; };
		52D0C4CE1EFE4B1F00E354BF /* ImgMasterTests.swift */ = {isa = PBXFileReference; lastKnownFileType = sourcecode.swift; path = ImgMasterTests.swift; sourceTree = "<group>"; };
		52D0C4D01EFE4B1F00E354BF /* Info.plist */ = {isa = PBXFileReference; lastKnownFileType = text.plist.xml; path = Info.plist; sourceTree = "<group>"; };
		52E26B591EFE52B40079E818 /* NetworkTests.swift */ = {isa = PBXFileReference; fileEncoding = 4; lastKnownFileType = sourcecode.swift; path = NetworkTests.swift; sourceTree = "<group>"; };
		52F61A2C1F016ACF00E89D27 /* AnimationDelegate.swift */ = {isa = PBXFileReference; fileEncoding = 4; lastKnownFileType = sourcecode.swift; name = AnimationDelegate.swift; path = ../AnimationDelegate.swift; sourceTree = "<group>"; };
		52F61A2E1F016B5F00E89D27 /* UITableViewCell.swift */ = {isa = PBXFileReference; fileEncoding = 4; lastKnownFileType = sourcecode.swift; name = UITableViewCell.swift; path = ../UITableViewCell.swift; sourceTree = "<group>"; };
		6607DEC3BA6ED34917227468 /* Pods-ImgMaster.release.xcconfig */ = {isa = PBXFileReference; includeInIndex = 1; lastKnownFileType = text.xcconfig; name = "Pods-ImgMaster.release.xcconfig"; path = "Pods/Target Support Files/Pods-ImgMaster/Pods-ImgMaster.release.xcconfig"; sourceTree = "<group>"; };
		6B180BF088123C6A0F6F738A /* Pods_ImgMaster.framework */ = {isa = PBXFileReference; explicitFileType = wrapper.framework; includeInIndex = 0; path = Pods_ImgMaster.framework; sourceTree = BUILT_PRODUCTS_DIR; };
		7BB91289A2D2EF14309E993D /* Pods_ImgMasterTests.framework */ = {isa = PBXFileReference; explicitFileType = wrapper.framework; includeInIndex = 0; path = Pods_ImgMasterTests.framework; sourceTree = BUILT_PRODUCTS_DIR; };
		A1714B4246D17B9AD363007C /* Pods-ImgMaster.debug.xcconfig */ = {isa = PBXFileReference; includeInIndex = 1; lastKnownFileType = text.xcconfig; name = "Pods-ImgMaster.debug.xcconfig"; path = "Pods/Target Support Files/Pods-ImgMaster/Pods-ImgMaster.debug.xcconfig"; sourceTree = "<group>"; };
		A9193838DD3C8445BB76ED19 /* Pods-ImgMasterTests.debug.xcconfig */ = {isa = PBXFileReference; includeInIndex = 1; lastKnownFileType = text.xcconfig; name = "Pods-ImgMasterTests.debug.xcconfig"; path = "Pods/Target Support Files/Pods-ImgMasterTests/Pods-ImgMasterTests.debug.xcconfig"; sourceTree = "<group>"; };
		E13CC4C259CDEBA2A5707351 /* Pods-ImgMasterTests.release.xcconfig */ = {isa = PBXFileReference; includeInIndex = 1; lastKnownFileType = text.xcconfig; name = "Pods-ImgMasterTests.release.xcconfig"; path = "Pods/Target Support Files/Pods-ImgMasterTests/Pods-ImgMasterTests.release.xcconfig"; sourceTree = "<group>"; };
/* End PBXFileReference section */

/* Begin PBXFrameworksBuildPhase section */
		52D0C4B31EFE4B1F00E354BF /* Frameworks */ = {
			isa = PBXFrameworksBuildPhase;
			buildActionMask = 2147483647;
			files = (
				5F828C5C5B73DEE7768CB643 /* Pods_ImgMaster.framework in Frameworks */,
			);
			runOnlyForDeploymentPostprocessing = 0;
		};
		52D0C4C71EFE4B1F00E354BF /* Frameworks */ = {
			isa = PBXFrameworksBuildPhase;
			buildActionMask = 2147483647;
			files = (
				6501B333732B2D02A78D567D /* Pods_ImgMasterTests.framework in Frameworks */,
			);
			runOnlyForDeploymentPostprocessing = 0;
		};
/* End PBXFrameworksBuildPhase section */

/* Begin PBXGroup section */
		5254609C1F05F9050092364F /* View */ = {
			isa = PBXGroup;
			children = (
				5230A2431F0169FE0060F99A /* Main.storyboard */,
				5254609D1F05F9160092364F /* AMInputView */,
			);
			name = View;
			sourceTree = "<group>";
		};
		5254609D1F05F9160092364F /* AMInputView */ = {
			isa = PBXGroup;
			children = (
				5254609E1F05F9160092364F /* AMInputView.swift */,
				5254609F1F05F9160092364F /* AMInputView.xib */,
			);
			path = AMInputView;
			sourceTree = "<group>";
		};
		525C50961F04245E00A2CD71 /* DiagramStatistics */ = {
			isa = PBXGroup;
			children = (
				525C50971F04247F00A2CD71 /* RegisterNumber.swift */,
				522DAEA11F04279000468367 /* NewImageNumber.swift */,
				522DAEA31F0427FE00468367 /* NewTagNumber.swift */,
				522DAEA51F04287500468367 /* ImageTagNumber.swift */,
				522DAEA71F04291A00468367 /* UserTagNumber.swift */,
				522DAEA91F04299000468367 /* DiagramStatistics.swift */,
			);
			name = DiagramStatistics;
			sourceTree = "<group>";
		};
		527EF12F1EFE4D9100D3DE79 /* Models */ = {
			isa = PBXGroup;
			children = (
				525C50961F04245E00A2CD71 /* DiagramStatistics */,
				52355A871EFEBB1500932E34 /* User.swift */,
				52355A891EFECC9800932E34 /* UserInfo.swift */,
				52355A8B1EFED9C300932E34 /* UserDetail.swift */,
				52355A8D1EFEDBC800932E34 /* Hobby.swift */,
				5259B79F1EFFCEA900B989A3 /* Image.swift */,
				5259B7A11EFFCFC200B989A3 /* ImageList.swift */,
				5259B7A31EFFD41C00B989A3 /* ImageResultList.swift */,
				5259B7A51EFFD77F00B989A3 /* ImageStatisticsResultList.swift */,
				5259B7A91EFFDA6600B989A3 /* ImageStatisticsResult.swift */,
				5259B7A71EFFD7B000B989A3 /* Tag.swift */,
			);
			name = Models;
			sourceTree = "<group>";
		};
		527EF1301EFE4D9A00D3DE79 /* Tools */ = {
			isa = PBXGroup;
			children = (
				527EF12D1EFE4D8D00D3DE79 /* APIManager.swift */,
				527EF1311EFE4DA600D3DE79 /* Constants.swift */,
				523558141F018AFB003DA55A /* ImgMasterUtil.swift */,
			);
			name = Tools;
			sourceTree = "<group>";
		};
		527EF1331EFE4DC300D3DE79 /* Supporting Files */ = {
			isa = PBXGroup;
			children = (
				52D0C4C01EFE4B1F00E354BF /* Assets.xcassets */,
				52D0C4C21EFE4B1F00E354BF /* LaunchScreen.storyboard */,
				52D0C4B91EFE4B1F00E354BF /* AppDelegate.swift */,
				52D0C4C51EFE4B1F00E354BF /* Info.plist */,
			);
			name = "Supporting Files";
			sourceTree = "<group>";
		};
		52D0C4AD1EFE4B1F00E354BF = {
			isa = PBXGroup;
			children = (
				52D0C4B81EFE4B1F00E354BF /* ImgMaster */,
				52D0C4CD1EFE4B1F00E354BF /* ImgMasterTests */,
				52D0C4B71EFE4B1F00E354BF /* Products */,
				92B976BD048AEBF22E54506D /* Pods */,
				67889AF3793A25DA052353AE /* Frameworks */,
			);
			sourceTree = "<group>";
		};
		52D0C4B71EFE4B1F00E354BF /* Products */ = {
			isa = PBXGroup;
			children = (
				52D0C4B61EFE4B1F00E354BF /* ImgMaster.app */,
				52D0C4CA1EFE4B1F00E354BF /* ImgMasterTests.xctest */,
			);
			name = Products;
			sourceTree = "<group>";
		};
		52D0C4B81EFE4B1F00E354BF /* ImgMaster */ = {
			isa = PBXGroup;
			children = (
				5254609C1F05F9050092364F /* View */,
				52F61A321F0172D800E89D27 /* Controller */,
				52F61A301F016B9700E89D27 /* SideMenu */,
				527EF1301EFE4D9A00D3DE79 /* Tools */,
				527EF12F1EFE4D9100D3DE79 /* Models */,
				527EF1331EFE4DC300D3DE79 /* Supporting Files */,
			);
			path = ImgMaster;
			sourceTree = "<group>";
		};
		52D0C4CD1EFE4B1F00E354BF /* ImgMasterTests */ = {
			isa = PBXGroup;
			children = (
				52D0C4CE1EFE4B1F00E354BF /* ImgMasterTests.swift */,
				52D0C4D01EFE4B1F00E354BF /* Info.plist */,
				52E26B591EFE52B40079E818 /* NetworkTests.swift */,
			);
			path = ImgMasterTests;
			sourceTree = "<group>";
		};
		52F61A301F016B9700E89D27 /* SideMenu */ = {
			isa = PBXGroup;
			children = (
				52F61A2E1F016B5F00E89D27 /* UITableViewCell.swift */,
				5230A23E1F0169DA0060F99A /* MenuViewController.swift */,
				5230A2451F016A6A0060F99A /* CircularRevealAnimator.swift */,
				52F61A2C1F016ACF00E89D27 /* AnimationDelegate.swift */,
				5230A2461F016A6A0060F99A /* CircularRevealTransitionAnimator.swift */,
			);
			name = SideMenu;
			sourceTree = "<group>";
		};
		52F61A321F0172D800E89D27 /* Controller */ = {
			isa = PBXGroup;
			children = (
				525460A21F05F92C0092364F /* AuthenticationViewController.swift */,
				5230A23F1F0169DA0060F99A /* HomeViewController.swift */,
				52B2093E1F0181E500E7787B /* ImageUploadViewController.swift */,
				52B209401F0181ED00E7787B /* AboutUsViewController.swift */,
				52B209421F0181F600E7787B /* PhotoGalleryViewController.swift */,
				52B209441F01820100E7787B /* DiagramsViewController.swift */,
			);
			name = Controller;
			sourceTree = "<group>";
		};
		67889AF3793A25DA052353AE /* Frameworks */ = {
			isa = PBXGroup;
			children = (
				6B180BF088123C6A0F6F738A /* Pods_ImgMaster.framework */,
				7BB91289A2D2EF14309E993D /* Pods_ImgMasterTests.framework */,
			);
			name = Frameworks;
			sourceTree = "<group>";
		};
		92B976BD048AEBF22E54506D /* Pods */ = {
			isa = PBXGroup;
			children = (
				A1714B4246D17B9AD363007C /* Pods-ImgMaster.debug.xcconfig */,
				6607DEC3BA6ED34917227468 /* Pods-ImgMaster.release.xcconfig */,
				A9193838DD3C8445BB76ED19 /* Pods-ImgMasterTests.debug.xcconfig */,
				E13CC4C259CDEBA2A5707351 /* Pods-ImgMasterTests.release.xcconfig */,
			);
			name = Pods;
			sourceTree = "<group>";
		};
/* End PBXGroup section */

/* Begin PBXNativeTarget section */
		52D0C4B51EFE4B1F00E354BF /* ImgMaster */ = {
			isa = PBXNativeTarget;
			buildConfigurationList = 52D0C4D31EFE4B1F00E354BF /* Build configuration list for PBXNativeTarget "ImgMaster" */;
			buildPhases = (
				422C40D3764BD55125CFF447 /* [CP] Check Pods Manifest.lock */,
				52D0C4B21EFE4B1F00E354BF /* Sources */,
				52D0C4B31EFE4B1F00E354BF /* Frameworks */,
				52D0C4B41EFE4B1F00E354BF /* Resources */,
				8ED576A68E9414D4966B8D2D /* [CP] Embed Pods Frameworks */,
				46A8599927A5E8B1A447DFC7 /* [CP] Copy Pods Resources */,
			);
			buildRules = (
			);
			dependencies = (
			);
			name = ImgMaster;
			productName = ImgMaster;
			productReference = 52D0C4B61EFE4B1F00E354BF /* ImgMaster.app */;
			productType = "com.apple.product-type.application";
		};
		52D0C4C91EFE4B1F00E354BF /* ImgMasterTests */ = {
			isa = PBXNativeTarget;
			buildConfigurationList = 52D0C4D61EFE4B1F00E354BF /* Build configuration list for PBXNativeTarget "ImgMasterTests" */;
			buildPhases = (
				23C35556A49595196A5EAF17 /* [CP] Check Pods Manifest.lock */,
				52D0C4C61EFE4B1F00E354BF /* Sources */,
				52D0C4C71EFE4B1F00E354BF /* Frameworks */,
				52D0C4C81EFE4B1F00E354BF /* Resources */,
				9A84E74B8BA9E37CF41B7C3F /* [CP] Embed Pods Frameworks */,
				D2495B0F82DA2D63749E5DA5 /* [CP] Copy Pods Resources */,
			);
			buildRules = (
			);
			dependencies = (
				52D0C4CC1EFE4B1F00E354BF /* PBXTargetDependency */,
			);
			name = ImgMasterTests;
			productName = ImgMasterTests;
			productReference = 52D0C4CA1EFE4B1F00E354BF /* ImgMasterTests.xctest */;
			productType = "com.apple.product-type.bundle.unit-test";
		};
/* End PBXNativeTarget section */

/* Begin PBXProject section */
		52D0C4AE1EFE4B1F00E354BF /* Project object */ = {
			isa = PBXProject;
			attributes = {
				LastSwiftUpdateCheck = 0830;
				LastUpgradeCheck = 0830;
				ORGANIZATIONNAME = SeaCluster;
				TargetAttributes = {
					52D0C4B51EFE4B1F00E354BF = {
						CreatedOnToolsVersion = 8.3.3;
						DevelopmentTeam = 6A657LNQ4S;
						ProvisioningStyle = Automatic;
					};
					52D0C4C91EFE4B1F00E354BF = {
						CreatedOnToolsVersion = 8.3.3;
						DevelopmentTeam = 6A657LNQ4S;
						ProvisioningStyle = Automatic;
						TestTargetID = 52D0C4B51EFE4B1F00E354BF;
					};
				};
			};
			buildConfigurationList = 52D0C4B11EFE4B1F00E354BF /* Build configuration list for PBXProject "ImgMaster" */;
			compatibilityVersion = "Xcode 3.2";
			developmentRegion = English;
			hasScannedForEncodings = 0;
			knownRegions = (
				en,
				Base,
			);
			mainGroup = 52D0C4AD1EFE4B1F00E354BF;
			productRefGroup = 52D0C4B71EFE4B1F00E354BF /* Products */;
			projectDirPath = "";
			projectRoot = "";
			targets = (
				52D0C4B51EFE4B1F00E354BF /* ImgMaster */,
				52D0C4C91EFE4B1F00E354BF /* ImgMasterTests */,
			);
		};
/* End PBXProject section */

/* Begin PBXResourcesBuildPhase section */
		52D0C4B41EFE4B1F00E354BF /* Resources */ = {
			isa = PBXResourcesBuildPhase;
			buildActionMask = 2147483647;
			files = (
				5230A2441F0169FE0060F99A /* Main.storyboard in Resources */,
				525460A11F05F9160092364F /* AMInputView.xib in Resources */,
				52D0C4C41EFE4B1F00E354BF /* LaunchScreen.storyboard in Resources */,
				52D0C4C11EFE4B1F00E354BF /* Assets.xcassets in Resources */,
			);
			runOnlyForDeploymentPostprocessing = 0;
		};
		52D0C4C81EFE4B1F00E354BF /* Resources */ = {
			isa = PBXResourcesBuildPhase;
			buildActionMask = 2147483647;
			files = (
			);
			runOnlyForDeploymentPostprocessing = 0;
		};
/* End PBXResourcesBuildPhase section */

/* Begin PBXShellScriptBuildPhase section */
		23C35556A49595196A5EAF17 /* [CP] Check Pods Manifest.lock */ = {
			isa = PBXShellScriptBuildPhase;
			buildActionMask = 2147483647;
			files = (
			);
			inputPaths = (
			);
			name = "[CP] Check Pods Manifest.lock";
			outputPaths = (
			);
			runOnlyForDeploymentPostprocessing = 0;
			shellPath = /bin/sh;
			shellScript = "diff \"${PODS_PODFILE_DIR_PATH}/Podfile.lock\" \"${PODS_ROOT}/Manifest.lock\" > /dev/null\nif [ $? != 0 ] ; then\n    # print error to STDERR\n    echo \"error: The sandbox is not in sync with the Podfile.lock. Run 'pod install' or update your CocoaPods installation.\" >&2\n    exit 1\nfi\n";
			showEnvVarsInLog = 0;
		};
		422C40D3764BD55125CFF447 /* [CP] Check Pods Manifest.lock */ = {
			isa = PBXShellScriptBuildPhase;
			buildActionMask = 2147483647;
			files = (
			);
			inputPaths = (
			);
			name = "[CP] Check Pods Manifest.lock";
			outputPaths = (
			);
			runOnlyForDeploymentPostprocessing = 0;
			shellPath = /bin/sh;
			shellScript = "diff \"${PODS_PODFILE_DIR_PATH}/Podfile.lock\" \"${PODS_ROOT}/Manifest.lock\" > /dev/null\nif [ $? != 0 ] ; then\n    # print error to STDERR\n    echo \"error: The sandbox is not in sync with the Podfile.lock. Run 'pod install' or update your CocoaPods installation.\" >&2\n    exit 1\nfi\n";
			showEnvVarsInLog = 0;
		};
		46A8599927A5E8B1A447DFC7 /* [CP] Copy Pods Resources */ = {
			isa = PBXShellScriptBuildPhase;
			buildActionMask = 2147483647;
			files = (
			);
			inputPaths = (
			);
			name = "[CP] Copy Pods Resources";
			outputPaths = (
			);
			runOnlyForDeploymentPostprocessing = 0;
			shellPath = /bin/sh;
			shellScript = "\"${SRCROOT}/Pods/Target Support Files/Pods-ImgMaster/Pods-ImgMaster-resources.sh\"\n";
			showEnvVarsInLog = 0;
		};
		8ED576A68E9414D4966B8D2D /* [CP] Embed Pods Frameworks */ = {
			isa = PBXShellScriptBuildPhase;
			buildActionMask = 2147483647;
			files = (
			);
			inputPaths = (
			);
			name = "[CP] Embed Pods Frameworks";
			outputPaths = (
			);
			runOnlyForDeploymentPostprocessing = 0;
			shellPath = /bin/sh;
			shellScript = "\"${SRCROOT}/Pods/Target Support Files/Pods-ImgMaster/Pods-ImgMaster-frameworks.sh\"\n";
			showEnvVarsInLog = 0;
		};
		9A84E74B8BA9E37CF41B7C3F /* [CP] Embed Pods Frameworks */ = {
			isa = PBXShellScriptBuildPhase;
			buildActionMask = 2147483647;
			files = (
			);
			inputPaths = (
			);
			name = "[CP] Embed Pods Frameworks";
			outputPaths = (
			);
			runOnlyForDeploymentPostprocessing = 0;
			shellPath = /bin/sh;
			shellScript = "\"${SRCROOT}/Pods/Target Support Files/Pods-ImgMasterTests/Pods-ImgMasterTests-frameworks.sh\"\n";
			showEnvVarsInLog = 0;
		};
		D2495B0F82DA2D63749E5DA5 /* [CP] Copy Pods Resources */ = {
			isa = PBXShellScriptBuildPhase;
			buildActionMask = 2147483647;
			files = (
			);
			inputPaths = (
			);
			name = "[CP] Copy Pods Resources";
			outputPaths = (
			);
			runOnlyForDeploymentPostprocessing = 0;
			shellPath = /bin/sh;
			shellScript = "\"${SRCROOT}/Pods/Target Support Files/Pods-ImgMasterTests/Pods-ImgMasterTests-resources.sh\"\n";
			showEnvVarsInLog = 0;
		};
/* End PBXShellScriptBuildPhase section */

/* Begin PBXSourcesBuildPhase section */
		52D0C4B21EFE4B1F00E354BF /* Sources */ = {
			isa = PBXSourcesBuildPhase;
			buildActionMask = 2147483647;
			files = (
				5230A2471F016A6A0060F99A /* CircularRevealAnimator.swift in Sources */,
				525C50981F04247F00A2CD71 /* RegisterNumber.swift in Sources */,
				527EF12E1EFE4D8D00D3DE79 /* APIManager.swift in Sources */,
				52F61A2D1F016ACF00E89D27 /* AnimationDelegate.swift in Sources */,
				525460A01F05F9160092364F /* AMInputView.swift in Sources */,
				5230A2411F0169DA0060F99A /* MenuViewController.swift in Sources */,
				52B209411F0181ED00E7787B /* AboutUsViewController.swift in Sources */,
				5259B7AA1EFFDA6600B989A3 /* ImageStatisticsResult.swift in Sources */,
				522DAEA41F0427FE00468367 /* NewTagNumber.swift in Sources */,
				522DAEA21F04279000468367 /* NewImageNumber.swift in Sources */,
				52F61A2F1F016B5F00E89D27 /* UITableViewCell.swift in Sources */,
				5259B7A01EFFCEA900B989A3 /* Image.swift in Sources */,
				525460A31F05F92C0092364F /* AuthenticationViewController.swift in Sources */,
				522DAEA81F04291A00468367 /* UserTagNumber.swift in Sources */,
				52355A8C1EFED9C300932E34 /* UserDetail.swift in Sources */,
				52355A8E1EFEDBC800932E34 /* Hobby.swift in Sources */,
				522DAEAA1F04299000468367 /* DiagramStatistics.swift in Sources */,
				52B209431F0181F600E7787B /* PhotoGalleryViewController.swift in Sources */,
				5230A2481F016A6A0060F99A /* CircularRevealTransitionAnimator.swift in Sources */,
				522DAEA61F04287500468367 /* ImageTagNumber.swift in Sources */,
				52D0C4BA1EFE4B1F00E354BF /* AppDelegate.swift in Sources */,
				5259B7A41EFFD41C00B989A3 /* ImageResultList.swift in Sources */,
				52355A881EFEBB1500932E34 /* User.swift in Sources */,
				52355A8A1EFECC9800932E34 /* UserInfo.swift in Sources */,
				527EF1321EFE4DA600D3DE79 /* Constants.swift in Sources */,
				5259B7A21EFFCFC200B989A3 /* ImageList.swift in Sources */,
				5259B7A61EFFD77F00B989A3 /* ImageStatisticsResultList.swift in Sources */,
				52B2093F1F0181E500E7787B /* ImageUploadViewController.swift in Sources */,
				5230A2421F0169DA0060F99A /* HomeViewController.swift in Sources */,
				523558151F018AFB003DA55A /* ImgMasterUtil.swift in Sources */,
				5259B7A81EFFD7B000B989A3 /* Tag.swift in Sources */,
				52B209451F01820100E7787B /* DiagramsViewController.swift in Sources */,
			);
			runOnlyForDeploymentPostprocessing = 0;
		};
		52D0C4C61EFE4B1F00E354BF /* Sources */ = {
			isa = PBXSourcesBuildPhase;
			buildActionMask = 2147483647;
			files = (
				52E26B5A1EFE52B40079E818 /* NetworkTests.swift in Sources */,
				52D0C4CF1EFE4B1F00E354BF /* ImgMasterTests.swift in Sources */,
			);
			runOnlyForDeploymentPostprocessing = 0;
		};
/* End PBXSourcesBuildPhase section */

/* Begin PBXTargetDependency section */
		52D0C4CC1EFE4B1F00E354BF /* PBXTargetDependency */ = {
			isa = PBXTargetDependency;
			target = 52D0C4B51EFE4B1F00E354BF /* ImgMaster */;
			targetProxy = 52D0C4CB1EFE4B1F00E354BF /* PBXContainerItemProxy */;
		};
/* End PBXTargetDependency section */

/* Begin PBXVariantGroup section */
		52D0C4C21EFE4B1F00E354BF /* LaunchScreen.storyboard */ = {
			isa = PBXVariantGroup;
			children = (
				52D0C4C31EFE4B1F00E354BF /* Base */,
			);
			name = LaunchScreen.storyboard;
			sourceTree = "<group>";
		};
/* End PBXVariantGroup section */

/* Begin XCBuildConfiguration section */
		52D0C4D11EFE4B1F00E354BF /* Debug */ = {
			isa = XCBuildConfiguration;
			buildSettings = {
				ALWAYS_SEARCH_USER_PATHS = NO;
				CLANG_ANALYZER_NONNULL = YES;
				CLANG_ANALYZER_NUMBER_OBJECT_CONVERSION = YES_AGGRESSIVE;
				CLANG_CXX_LANGUAGE_STANDARD = "gnu++0x";
				CLANG_CXX_LIBRARY = "libc++";
				CLANG_ENABLE_MODULES = YES;
				CLANG_ENABLE_OBJC_ARC = YES;
				CLANG_WARN_BOOL_CONVERSION = YES;
				CLANG_WARN_CONSTANT_CONVERSION = YES;
				CLANG_WARN_DIRECT_OBJC_ISA_USAGE = YES_ERROR;
				CLANG_WARN_DOCUMENTATION_COMMENTS = YES;
				CLANG_WARN_EMPTY_BODY = YES;
				CLANG_WARN_ENUM_CONVERSION = YES;
				CLANG_WARN_INFINITE_RECURSION = YES;
				CLANG_WARN_INT_CONVERSION = YES;
				CLANG_WARN_OBJC_ROOT_CLASS = YES_ERROR;
				CLANG_WARN_SUSPICIOUS_MOVE = YES;
				CLANG_WARN_UNREACHABLE_CODE = YES;
				CLANG_WARN__DUPLICATE_METHOD_MATCH = YES;
				"CODE_SIGN_IDENTITY[sdk=iphoneos*]" = "iPhone Developer";
				COPY_PHASE_STRIP = NO;
				DEBUG_INFORMATION_FORMAT = dwarf;
				ENABLE_STRICT_OBJC_MSGSEND = YES;
				ENABLE_TESTABILITY = YES;
				GCC_C_LANGUAGE_STANDARD = gnu99;
				GCC_DYNAMIC_NO_PIC = NO;
				GCC_NO_COMMON_BLOCKS = YES;
				GCC_OPTIMIZATION_LEVEL = 0;
				GCC_PREPROCESSOR_DEFINITIONS = (
					"DEBUG=1",
					"$(inherited)",
				);
				GCC_WARN_64_TO_32_BIT_CONVERSION = YES;
				GCC_WARN_ABOUT_RETURN_TYPE = YES_ERROR;
				GCC_WARN_UNDECLARED_SELECTOR = YES;
				GCC_WARN_UNINITIALIZED_AUTOS = YES_AGGRESSIVE;
				GCC_WARN_UNUSED_FUNCTION = YES;
				GCC_WARN_UNUSED_VARIABLE = YES;
				IPHONEOS_DEPLOYMENT_TARGET = 10.3;
				MTL_ENABLE_DEBUG_INFO = YES;
				ONLY_ACTIVE_ARCH = YES;
				SDKROOT = iphoneos;
				SWIFT_ACTIVE_COMPILATION_CONDITIONS = DEBUG;
				SWIFT_OPTIMIZATION_LEVEL = "-Onone";
			};
			name = Debug;
		};
		52D0C4D21EFE4B1F00E354BF /* Release */ = {
			isa = XCBuildConfiguration;
			buildSettings = {
				ALWAYS_SEARCH_USER_PATHS = NO;
				CLANG_ANALYZER_NONNULL = YES;
				CLANG_ANALYZER_NUMBER_OBJECT_CONVERSION = YES_AGGRESSIVE;
				CLANG_CXX_LANGUAGE_STANDARD = "gnu++0x";
				CLANG_CXX_LIBRARY = "libc++";
				CLANG_ENABLE_MODULES = YES;
				CLANG_ENABLE_OBJC_ARC = YES;
				CLANG_WARN_BOOL_CONVERSION = YES;
				CLANG_WARN_CONSTANT_CONVERSION = YES;
				CLANG_WARN_DIRECT_OBJC_ISA_USAGE = YES_ERROR;
				CLANG_WARN_DOCUMENTATION_COMMENTS = YES;
				CLANG_WARN_EMPTY_BODY = YES;
				CLANG_WARN_ENUM_CONVERSION = YES;
				CLANG_WARN_INFINITE_RECURSION = YES;
				CLANG_WARN_INT_CONVERSION = YES;
				CLANG_WARN_OBJC_ROOT_CLASS = YES_ERROR;
				CLANG_WARN_SUSPICIOUS_MOVE = YES;
				CLANG_WARN_UNREACHABLE_CODE = YES;
				CLANG_WARN__DUPLICATE_METHOD_MATCH = YES;
				"CODE_SIGN_IDENTITY[sdk=iphoneos*]" = "iPhone Developer";
				COPY_PHASE_STRIP = NO;
				DEBUG_INFORMATION_FORMAT = "dwarf-with-dsym";
				ENABLE_NS_ASSERTIONS = NO;
				ENABLE_STRICT_OBJC_MSGSEND = YES;
				GCC_C_LANGUAGE_STANDARD = gnu99;
				GCC_NO_COMMON_BLOCKS = YES;
				GCC_WARN_64_TO_32_BIT_CONVERSION = YES;
				GCC_WARN_ABOUT_RETURN_TYPE = YES_ERROR;
				GCC_WARN_UNDECLARED_SELECTOR = YES;
				GCC_WARN_UNINITIALIZED_AUTOS = YES_AGGRESSIVE;
				GCC_WARN_UNUSED_FUNCTION = YES;
				GCC_WARN_UNUSED_VARIABLE = YES;
				IPHONEOS_DEPLOYMENT_TARGET = 10.3;
				MTL_ENABLE_DEBUG_INFO = NO;
				SDKROOT = iphoneos;
				SWIFT_OPTIMIZATION_LEVEL = "-Owholemodule";
				VALIDATE_PRODUCT = YES;
			};
			name = Release;
		};
		52D0C4D41EFE4B1F00E354BF /* Debug */ = {
			isa = XCBuildConfiguration;
			baseConfigurationReference = A1714B4246D17B9AD363007C /* Pods-ImgMaster.debug.xcconfig */;
			buildSettings = {
				ASSETCATALOG_COMPILER_APPICON_NAME = AppIcon;
				DEVELOPMENT_TEAM = 6A657LNQ4S;
				INFOPLIST_FILE = ImgMaster/Info.plist;
				LD_RUNPATH_SEARCH_PATHS = "$(inherited) @executable_path/Frameworks";
				PRODUCT_BUNDLE_IDENTIFIER = com.Seahub.ImgMaster;
				PRODUCT_NAME = "$(TARGET_NAME)";
				SWIFT_VERSION = 3.0;
			};
			name = Debug;
		};
		52D0C4D51EFE4B1F00E354BF /* Release */ = {
			isa = XCBuildConfiguration;
			baseConfigurationReference = 6607DEC3BA6ED34917227468 /* Pods-ImgMaster.release.xcconfig */;
			buildSettings = {
				ASSETCATALOG_COMPILER_APPICON_NAME = AppIcon;
				DEVELOPMENT_TEAM = 6A657LNQ4S;
				INFOPLIST_FILE = ImgMaster/Info.plist;
				LD_RUNPATH_SEARCH_PATHS = "$(inherited) @executable_path/Frameworks";
				PRODUCT_BUNDLE_IDENTIFIER = com.Seahub.ImgMaster;
				PRODUCT_NAME = "$(TARGET_NAME)";
				SWIFT_VERSION = 3.0;
			};
			name = Release;
		};
		52D0C4D71EFE4B1F00E354BF /* Debug */ = {
			isa = XCBuildConfiguration;
			baseConfigurationReference = A9193838DD3C8445BB76ED19 /* Pods-ImgMasterTests.debug.xcconfig */;
			buildSettings = {
				ALWAYS_EMBED_SWIFT_STANDARD_LIBRARIES = YES;
				BUNDLE_LOADER = "$(TEST_HOST)";
				DEVELOPMENT_TEAM = 6A657LNQ4S;
				INFOPLIST_FILE = ImgMasterTests/Info.plist;
				LD_RUNPATH_SEARCH_PATHS = "$(inherited) @executable_path/Frameworks @loader_path/Frameworks";
				PRODUCT_BUNDLE_IDENTIFIER = com.Seahub.ImgMasterTests;
				PRODUCT_NAME = "$(TARGET_NAME)";
				SWIFT_VERSION = 3.0;
				TEST_HOST = "$(BUILT_PRODUCTS_DIR)/ImgMaster.app/ImgMaster";
			};
			name = Debug;
		};
		52D0C4D81EFE4B1F00E354BF /* Release */ = {
			isa = XCBuildConfiguration;
			baseConfigurationReference = E13CC4C259CDEBA2A5707351 /* Pods-ImgMasterTests.release.xcconfig */;
			buildSettings = {
				ALWAYS_EMBED_SWIFT_STANDARD_LIBRARIES = YES;
				BUNDLE_LOADER = "$(TEST_HOST)";
				DEVELOPMENT_TEAM = 6A657LNQ4S;
				INFOPLIST_FILE = ImgMasterTests/Info.plist;
				LD_RUNPATH_SEARCH_PATHS = "$(inherited) @executable_path/Frameworks @loader_path/Frameworks";
				PRODUCT_BUNDLE_IDENTIFIER = com.Seahub.ImgMasterTests;
				PRODUCT_NAME = "$(TARGET_NAME)";
				SWIFT_VERSION = 3.0;
				TEST_HOST = "$(BUILT_PRODUCTS_DIR)/ImgMaster.app/ImgMaster";
			};
			name = Release;
		};
/* End XCBuildConfiguration section */

/* Begin XCConfigurationList section */
		52D0C4B11EFE4B1F00E354BF /* Build configuration list for PBXProject "ImgMaster" */ = {
			isa = XCConfigurationList;
			buildConfigurations = (
				52D0C4D11EFE4B1F00E354BF /* Debug */,
				52D0C4D21EFE4B1F00E354BF /* Release */,
			);
			defaultConfigurationIsVisible = 0;
			defaultConfigurationName = Release;
		};
		52D0C4D31EFE4B1F00E354BF /* Build configuration list for PBXNativeTarget "ImgMaster" */ = {
			isa = XCConfigurationList;
			buildConfigurations = (
				52D0C4D41EFE4B1F00E354BF /* Debug */,
				52D0C4D51EFE4B1F00E354BF /* Release */,
			);
			defaultConfigurationIsVisible = 0;
			defaultConfigurationName = Release;
		};
		52D0C4D61EFE4B1F00E354BF /* Build configuration list for PBXNativeTarget "ImgMasterTests" */ = {
			isa = XCConfigurationList;
			buildConfigurations = (
				52D0C4D71EFE4B1F00E354BF /* Debug */,
				52D0C4D81EFE4B1F00E354BF /* Release */,
			);
			defaultConfigurationIsVisible = 0;
			defaultConfigurationName = Release;
		};
/* End XCConfigurationList section */
	};
	rootObject = 52D0C4AE1EFE4B1F00E354BF /* Project object */;
}
