// !$*UTF8*$!
{
	archiveVersion = 1;
	classes = {
	};
	objectVersion = 46;
	objects = {

/* Begin PBXBuildFile section */
		3879F6833797DD39B7BCCE29 /* Pods_ImgTaggerTests.framework in Frameworks */ = {isa = PBXBuildFile; fileRef = 42D8D7A476FA8D329BF51AA0 /* Pods_ImgTaggerTests.framework */; };
		5201924A1F0435E3001A057D /* PushingPolicyChosingViewController.swift in Sources */ = {isa = PBXBuildFile; fileRef = 520192491F0435E3001A057D /* PushingPolicyChosingViewController.swift */; };
		5205DA841F0294F7004DDAE9 /* Constants.swift in Sources */ = {isa = PBXBuildFile; fileRef = 5205DA811F0294F7004DDAE9 /* Constants.swift */; };
		5205DA8C1F029516004DDAE9 /* AnimationDelegate.swift in Sources */ = {isa = PBXBuildFile; fileRef = 5205DA861F029516004DDAE9 /* AnimationDelegate.swift */; };
		5205DA8D1F029516004DDAE9 /* CircularRevealAnimator.swift in Sources */ = {isa = PBXBuildFile; fileRef = 5205DA871F029516004DDAE9 /* CircularRevealAnimator.swift */; };
		5205DA8E1F029516004DDAE9 /* CircularRevealTransitionAnimator.swift in Sources */ = {isa = PBXBuildFile; fileRef = 5205DA881F029516004DDAE9 /* CircularRevealTransitionAnimator.swift */; };
		5205DA8F1F029516004DDAE9 /* HomeViewController.swift in Sources */ = {isa = PBXBuildFile; fileRef = 5205DA891F029516004DDAE9 /* HomeViewController.swift */; };
		5205DA901F029516004DDAE9 /* MenuViewController.swift in Sources */ = {isa = PBXBuildFile; fileRef = 5205DA8A1F029516004DDAE9 /* MenuViewController.swift */; };
		5205DA911F029516004DDAE9 /* UITableViewCell.swift in Sources */ = {isa = PBXBuildFile; fileRef = 5205DA8B1F029516004DDAE9 /* UITableViewCell.swift */; };
		5205DA941F029566004DDAE9 /* Main.storyboard in Resources */ = {isa = PBXBuildFile; fileRef = 5205DA931F029566004DDAE9 /* Main.storyboard */; };
		52173CA51F051C0F0036FC10 /* AMInputView.swift in Sources */ = {isa = PBXBuildFile; fileRef = 52173CA31F051C0F0036FC10 /* AMInputView.swift */; };
		52173CA61F051C0F0036FC10 /* AMInputView.xib in Resources */ = {isa = PBXBuildFile; fileRef = 52173CA41F051C0F0036FC10 /* AMInputView.xib */; };
		52173CAD1F051E420036FC10 /* AuthenticationViewController.swift in Sources */ = {isa = PBXBuildFile; fileRef = 52173CAC1F051E420036FC10 /* AuthenticationViewController.swift */; };
		52183B521F055703003BEB93 /* SettingViewController.swift in Sources */ = {isa = PBXBuildFile; fileRef = 52183B511F055703003BEB93 /* SettingViewController.swift */; };
		52183B541F05624D003BEB93 /* SettingAvatarTableViewCell.swift in Sources */ = {isa = PBXBuildFile; fileRef = 52183B531F05624D003BEB93 /* SettingAvatarTableViewCell.swift */; };
		52183B561F05716C003BEB93 /* PasswordResetingViewController.swift in Sources */ = {isa = PBXBuildFile; fileRef = 52183B551F05716C003BEB93 /* PasswordResetingViewController.swift */; };
		52183B591F0576F1003BEB93 /* NameChangingViewController.swift in Sources */ = {isa = PBXBuildFile; fileRef = 52183B581F0576F1003BEB93 /* NameChangingViewController.swift */; };
		52183B5B1F057FE1003BEB93 /* HobbyChangingViewController.swift in Sources */ = {isa = PBXBuildFile; fileRef = 52183B5A1F057FE1003BEB93 /* HobbyChangingViewController.swift */; };
		52183B5D1F058A7C003BEB93 /* AboutUsViewController.swift in Sources */ = {isa = PBXBuildFile; fileRef = 52183B5C1F058A7C003BEB93 /* AboutUsViewController.swift */; };
		52183B5F1F059114003BEB93 /* CongratulationViewController.swift in Sources */ = {isa = PBXBuildFile; fileRef = 52183B5E1F059114003BEB93 /* CongratulationViewController.swift */; };
		526D734C1F03D06D00B6CB78 /* TaggedPushedData.swift in Sources */ = {isa = PBXBuildFile; fileRef = 526D734B1F03D06D00B6CB78 /* TaggedPushedData.swift */; };
		526D73501F03D44100B6CB78 /* Hobby.swift in Sources */ = {isa = PBXBuildFile; fileRef = 526D734F1F03D44100B6CB78 /* Hobby.swift */; };
		526F07EA1F049AF3002608A1 /* ImageTableViewCell.swift in Sources */ = {isa = PBXBuildFile; fileRef = 526F07E91F049AF3002608A1 /* ImageTableViewCell.swift */; };
		526F07EC1F049B06002608A1 /* TextFieldTableViewCell.swift in Sources */ = {isa = PBXBuildFile; fileRef = 526F07EB1F049B06002608A1 /* TextFieldTableViewCell.swift */; };
		526F07EE1F049B0D002608A1 /* LabelTableViewCell.swift in Sources */ = {isa = PBXBuildFile; fileRef = 526F07ED1F049B0D002608A1 /* LabelTableViewCell.swift */; };
		528A27BE1F04410600C1F182 /* TaggingViewController.swift in Sources */ = {isa = PBXBuildFile; fileRef = 528A27BD1F04410600C1F182 /* TaggingViewController.swift */; };
		529422A21F0415C2009BC9C6 /* Score.swift in Sources */ = {isa = PBXBuildFile; fileRef = 529422A11F0415C2009BC9C6 /* Score.swift */; };
		529422A41F041CA7009BC9C6 /* UserInfo.swift in Sources */ = {isa = PBXBuildFile; fileRef = 529422A31F041CA7009BC9C6 /* UserInfo.swift */; };
		529689C21EFE4AF000619D6D /* AppDelegate.swift in Sources */ = {isa = PBXBuildFile; fileRef = 529689C11EFE4AF000619D6D /* AppDelegate.swift */; };
		529689C91EFE4AF000619D6D /* Assets.xcassets in Resources */ = {isa = PBXBuildFile; fileRef = 529689C81EFE4AF000619D6D /* Assets.xcassets */; };
		529689CC1EFE4AF000619D6D /* LaunchScreen.storyboard in Resources */ = {isa = PBXBuildFile; fileRef = 529689CA1EFE4AF000619D6D /* LaunchScreen.storyboard */; };
		529689D71EFE4AF100619D6D /* ImgTaggerTests.swift in Sources */ = {isa = PBXBuildFile; fileRef = 529689D61EFE4AF100619D6D /* ImgTaggerTests.swift */; };
		52A221A51F02A0A1000E01FA /* Tag.swift in Sources */ = {isa = PBXBuildFile; fileRef = 52A221A41F02A0A1000E01FA /* Tag.swift */; };
		52A221A71F02A0F2000E01FA /* ServerPushData.swift in Sources */ = {isa = PBXBuildFile; fileRef = 52A221A61F02A0F2000E01FA /* ServerPushData.swift */; };
		52A221A91F02A146000E01FA /* Image.swift in Sources */ = {isa = PBXBuildFile; fileRef = 52A221A81F02A146000E01FA /* Image.swift */; };
		52D239B51F0296FA002E0945 /* APIManager.swift in Sources */ = {isa = PBXBuildFile; fileRef = 52D239B41F0296FA002E0945 /* APIManager.swift */; };
		52D239B71F029757002E0945 /* NetworkTests.swift in Sources */ = {isa = PBXBuildFile; fileRef = 52D239B61F029757002E0945 /* NetworkTests.swift */; };
		52DFD89E1F03453A00AA7F12 /* ImgTaggerUtil.swift in Sources */ = {isa = PBXBuildFile; fileRef = 52DFD89D1F03453A00AA7F12 /* ImgTaggerUtil.swift */; };
		52E7B9E01F02985000DF7896 /* User.swift in Sources */ = {isa = PBXBuildFile; fileRef = 52E7B9DF1F02985000DF7896 /* User.swift */; };
		FB7F755F779BE261E59A9630 /* Pods_ImgTagger.framework in Frameworks */ = {isa = PBXBuildFile; fileRef = DCC0D962C324428A4BDABB4A /* Pods_ImgTagger.framework */; };
/* End PBXBuildFile section */

/* Begin PBXContainerItemProxy section */
		529689D31EFE4AF100619D6D /* PBXContainerItemProxy */ = {
			isa = PBXContainerItemProxy;
			containerPortal = 529689B61EFE4AF000619D6D /* Project object */;
			proxyType = 1;
			remoteGlobalIDString = 529689BD1EFE4AF000619D6D;
			remoteInfo = ImgTagger;
		};
/* End PBXContainerItemProxy section */

/* Begin PBXFileReference section */
		3F3C56CFE857E28C31A589F4 /* Pods-ImgTagger.release.xcconfig */ = {isa = PBXFileReference; includeInIndex = 1; lastKnownFileType = text.xcconfig; name = "Pods-ImgTagger.release.xcconfig"; path = "Pods/Target Support Files/Pods-ImgTagger/Pods-ImgTagger.release.xcconfig"; sourceTree = "<group>"; };
		42D8D7A476FA8D329BF51AA0 /* Pods_ImgTaggerTests.framework */ = {isa = PBXFileReference; explicitFileType = wrapper.framework; includeInIndex = 0; path = Pods_ImgTaggerTests.framework; sourceTree = BUILT_PRODUCTS_DIR; };
		520192491F0435E3001A057D /* PushingPolicyChosingViewController.swift */ = {isa = PBXFileReference; fileEncoding = 4; lastKnownFileType = sourcecode.swift; path = PushingPolicyChosingViewController.swift; sourceTree = "<group>"; };
		5205DA811F0294F7004DDAE9 /* Constants.swift */ = {isa = PBXFileReference; fileEncoding = 4; lastKnownFileType = sourcecode.swift; path = Constants.swift; sourceTree = "<group>"; };
		5205DA861F029516004DDAE9 /* AnimationDelegate.swift */ = {isa = PBXFileReference; fileEncoding = 4; lastKnownFileType = sourcecode.swift; path = AnimationDelegate.swift; sourceTree = "<group>"; };
		5205DA871F029516004DDAE9 /* CircularRevealAnimator.swift */ = {isa = PBXFileReference; fileEncoding = 4; lastKnownFileType = sourcecode.swift; path = CircularRevealAnimator.swift; sourceTree = "<group>"; };
		5205DA881F029516004DDAE9 /* CircularRevealTransitionAnimator.swift */ = {isa = PBXFileReference; fileEncoding = 4; lastKnownFileType = sourcecode.swift; path = CircularRevealTransitionAnimator.swift; sourceTree = "<group>"; };
		5205DA891F029516004DDAE9 /* HomeViewController.swift */ = {isa = PBXFileReference; fileEncoding = 4; lastKnownFileType = sourcecode.swift; path = HomeViewController.swift; sourceTree = "<group>"; };
		5205DA8A1F029516004DDAE9 /* MenuViewController.swift */ = {isa = PBXFileReference; fileEncoding = 4; lastKnownFileType = sourcecode.swift; path = MenuViewController.swift; sourceTree = "<group>"; };
		5205DA8B1F029516004DDAE9 /* UITableViewCell.swift */ = {isa = PBXFileReference; fileEncoding = 4; lastKnownFileType = sourcecode.swift; path = UITableViewCell.swift; sourceTree = "<group>"; };
		5205DA931F029566004DDAE9 /* Main.storyboard */ = {isa = PBXFileReference; fileEncoding = 4; lastKnownFileType = file.storyboard; path = Main.storyboard; sourceTree = "<group>"; };
		52173CA31F051C0F0036FC10 /* AMInputView.swift */ = {isa = PBXFileReference; fileEncoding = 4; lastKnownFileType = sourcecode.swift; path = AMInputView.swift; sourceTree = "<group>"; };
		52173CA41F051C0F0036FC10 /* AMInputView.xib */ = {isa = PBXFileReference; fileEncoding = 4; lastKnownFileType = file.xib; path = AMInputView.xib; sourceTree = "<group>"; };
		52173CAB1F051E030036FC10 /* ImgTagger-Bridging-Header.h */ = {isa = PBXFileReference; lastKnownFileType = sourcecode.c.h; path = "ImgTagger-Bridging-Header.h"; sourceTree = "<group>"; };
		52173CAC1F051E420036FC10 /* AuthenticationViewController.swift */ = {isa = PBXFileReference; fileEncoding = 4; lastKnownFileType = sourcecode.swift; path = AuthenticationViewController.swift; sourceTree = "<group>"; };
		52183B511F055703003BEB93 /* SettingViewController.swift */ = {isa = PBXFileReference; fileEncoding = 4; lastKnownFileType = sourcecode.swift; path = SettingViewController.swift; sourceTree = "<group>"; };
		52183B531F05624D003BEB93 /* SettingAvatarTableViewCell.swift */ = {isa = PBXFileReference; fileEncoding = 4; lastKnownFileType = sourcecode.swift; path = SettingAvatarTableViewCell.swift; sourceTree = "<group>"; };
		52183B551F05716C003BEB93 /* PasswordResetingViewController.swift */ = {isa = PBXFileReference; fileEncoding = 4; lastKnownFileType = sourcecode.swift; path = PasswordResetingViewController.swift; sourceTree = "<group>"; };
		52183B581F0576F1003BEB93 /* NameChangingViewController.swift */ = {isa = PBXFileReference; fileEncoding = 4; lastKnownFileType = sourcecode.swift; path = NameChangingViewController.swift; sourceTree = "<group>"; };
		52183B5A1F057FE1003BEB93 /* HobbyChangingViewController.swift */ = {isa = PBXFileReference; fileEncoding = 4; lastKnownFileType = sourcecode.swift; path = HobbyChangingViewController.swift; sourceTree = "<group>"; };
		52183B5C1F058A7C003BEB93 /* AboutUsViewController.swift */ = {isa = PBXFileReference; fileEncoding = 4; lastKnownFileType = sourcecode.swift; path = AboutUsViewController.swift; sourceTree = "<group>"; };
		52183B5E1F059114003BEB93 /* CongratulationViewController.swift */ = {isa = PBXFileReference; fileEncoding = 4; lastKnownFileType = sourcecode.swift; path = CongratulationViewController.swift; sourceTree = "<group>"; };
		526D734B1F03D06D00B6CB78 /* TaggedPushedData.swift */ = {isa = PBXFileReference; fileEncoding = 4; lastKnownFileType = sourcecode.swift; path = TaggedPushedData.swift; sourceTree = "<group>"; };
		526D734F1F03D44100B6CB78 /* Hobby.swift */ = {isa = PBXFileReference; fileEncoding = 4; lastKnownFileType = sourcecode.swift; path = Hobby.swift; sourceTree = "<group>"; };
		526F07E91F049AF3002608A1 /* ImageTableViewCell.swift */ = {isa = PBXFileReference; fileEncoding = 4; lastKnownFileType = sourcecode.swift; path = ImageTableViewCell.swift; sourceTree = "<group>"; };
		526F07EB1F049B06002608A1 /* TextFieldTableViewCell.swift */ = {isa = PBXFileReference; fileEncoding = 4; lastKnownFileType = sourcecode.swift; path = TextFieldTableViewCell.swift; sourceTree = "<group>"; };
		526F07ED1F049B0D002608A1 /* LabelTableViewCell.swift */ = {isa = PBXFileReference; fileEncoding = 4; lastKnownFileType = sourcecode.swift; path = LabelTableViewCell.swift; sourceTree = "<group>"; };
		528A27BD1F04410600C1F182 /* TaggingViewController.swift */ = {isa = PBXFileReference; fileEncoding = 4; lastKnownFileType = sourcecode.swift; path = TaggingViewController.swift; sourceTree = "<group>"; };
		529422A11F0415C2009BC9C6 /* Score.swift */ = {isa = PBXFileReference; fileEncoding = 4; lastKnownFileType = sourcecode.swift; path = Score.swift; sourceTree = "<group>"; };
		529422A31F041CA7009BC9C6 /* UserInfo.swift */ = {isa = PBXFileReference; fileEncoding = 4; lastKnownFileType = sourcecode.swift; path = UserInfo.swift; sourceTree = "<group>"; };
		529689BE1EFE4AF000619D6D /* ImgTagger.app */ = {isa = PBXFileReference; explicitFileType = wrapper.application; includeInIndex = 0; path = ImgTagger.app; sourceTree = BUILT_PRODUCTS_DIR; };
		529689C11EFE4AF000619D6D /* AppDelegate.swift */ = {isa = PBXFileReference; lastKnownFileType = sourcecode.swift; path = AppDelegate.swift; sourceTree = "<group>"; };
		529689C81EFE4AF000619D6D /* Assets.xcassets */ = {isa = PBXFileReference; lastKnownFileType = folder.assetcatalog; path = Assets.xcassets; sourceTree = "<group>"; };
		529689CB1EFE4AF000619D6D /* Base */ = {isa = PBXFileReference; lastKnownFileType = file.storyboard; name = Base; path = Base.lproj/LaunchScreen.storyboard; sourceTree = "<group>"; };
		529689CD1EFE4AF000619D6D /* Info.plist */ = {isa = PBXFileReference; lastKnownFileType = text.plist.xml; path = Info.plist; sourceTree = "<group>"; };
		529689D21EFE4AF100619D6D /* ImgTaggerTests.xctest */ = {isa = PBXFileReference; explicitFileType = wrapper.cfbundle; includeInIndex = 0; path = ImgTaggerTests.xctest; sourceTree = BUILT_PRODUCTS_DIR; };
		529689D61EFE4AF100619D6D /* ImgTaggerTests.swift */ = {isa = PBXFileReference; lastKnownFileType = sourcecode.swift; path = ImgTaggerTests.swift; sourceTree = "<group>"; };
		529689D81EFE4AF100619D6D /* Info.plist */ = {isa = PBXFileReference; lastKnownFileType = text.plist.xml; path = Info.plist; sourceTree = "<group>"; };
		52A221A41F02A0A1000E01FA /* Tag.swift */ = {isa = PBXFileReference; fileEncoding = 4; lastKnownFileType = sourcecode.swift; path = Tag.swift; sourceTree = "<group>"; };
		52A221A61F02A0F2000E01FA /* ServerPushData.swift */ = {isa = PBXFileReference; fileEncoding = 4; lastKnownFileType = sourcecode.swift; path = ServerPushData.swift; sourceTree = "<group>"; };
		52A221A81F02A146000E01FA /* Image.swift */ = {isa = PBXFileReference; fileEncoding = 4; lastKnownFileType = sourcecode.swift; path = Image.swift; sourceTree = "<group>"; };
		52D239B41F0296FA002E0945 /* APIManager.swift */ = {isa = PBXFileReference; fileEncoding = 4; lastKnownFileType = sourcecode.swift; path = APIManager.swift; sourceTree = "<group>"; };
		52D239B61F029757002E0945 /* NetworkTests.swift */ = {isa = PBXFileReference; fileEncoding = 4; lastKnownFileType = sourcecode.swift; path = NetworkTests.swift; sourceTree = "<group>"; };
		52DFD89D1F03453A00AA7F12 /* ImgTaggerUtil.swift */ = {isa = PBXFileReference; fileEncoding = 4; lastKnownFileType = sourcecode.swift; path = ImgTaggerUtil.swift; sourceTree = "<group>"; };
		52E7B9DF1F02985000DF7896 /* User.swift */ = {isa = PBXFileReference; fileEncoding = 4; lastKnownFileType = sourcecode.swift; path = User.swift; sourceTree = "<group>"; };
		84934CB5131277D51855F715 /* Pods-ImgTaggerTests.debug.xcconfig */ = {isa = PBXFileReference; includeInIndex = 1; lastKnownFileType = text.xcconfig; name = "Pods-ImgTaggerTests.debug.xcconfig"; path = "Pods/Target Support Files/Pods-ImgTaggerTests/Pods-ImgTaggerTests.debug.xcconfig"; sourceTree = "<group>"; };
		86EA894D1878E093EB56261B /* Pods-ImgTagger.debug.xcconfig */ = {isa = PBXFileReference; includeInIndex = 1; lastKnownFileType = text.xcconfig; name = "Pods-ImgTagger.debug.xcconfig"; path = "Pods/Target Support Files/Pods-ImgTagger/Pods-ImgTagger.debug.xcconfig"; sourceTree = "<group>"; };
		910FC58F0AE620F62F44C2FB /* Pods-ImgTaggerTests.release.xcconfig */ = {isa = PBXFileReference; includeInIndex = 1; lastKnownFileType = text.xcconfig; name = "Pods-ImgTaggerTests.release.xcconfig"; path = "Pods/Target Support Files/Pods-ImgTaggerTests/Pods-ImgTaggerTests.release.xcconfig"; sourceTree = "<group>"; };
		DCC0D962C324428A4BDABB4A /* Pods_ImgTagger.framework */ = {isa = PBXFileReference; explicitFileType = wrapper.framework; includeInIndex = 0; path = Pods_ImgTagger.framework; sourceTree = BUILT_PRODUCTS_DIR; };
/* End PBXFileReference section */

/* Begin PBXFrameworksBuildPhase section */
		529689BB1EFE4AF000619D6D /* Frameworks */ = {
			isa = PBXFrameworksBuildPhase;
			buildActionMask = 2147483647;
			files = (
				FB7F755F779BE261E59A9630 /* Pods_ImgTagger.framework in Frameworks */,
			);
			runOnlyForDeploymentPostprocessing = 0;
		};
		529689CF1EFE4AF100619D6D /* Frameworks */ = {
			isa = PBXFrameworksBuildPhase;
			buildActionMask = 2147483647;
			files = (
				3879F6833797DD39B7BCCE29 /* Pods_ImgTaggerTests.framework in Frameworks */,
			);
			runOnlyForDeploymentPostprocessing = 0;
		};
/* End PBXFrameworksBuildPhase section */

/* Begin PBXGroup section */
		3335E9BD260413B34697BD8D /* Pods */ = {
			isa = PBXGroup;
			children = (
				86EA894D1878E093EB56261B /* Pods-ImgTagger.debug.xcconfig */,
				3F3C56CFE857E28C31A589F4 /* Pods-ImgTagger.release.xcconfig */,
				84934CB5131277D51855F715 /* Pods-ImgTaggerTests.debug.xcconfig */,
				910FC58F0AE620F62F44C2FB /* Pods-ImgTaggerTests.release.xcconfig */,
			);
			name = Pods;
			sourceTree = "<group>";
		};
		520192471F04358A001A057D /* Authentication */ = {
			isa = PBXGroup;
			children = (
				52173CAC1F051E420036FC10 /* AuthenticationViewController.swift */,
			);
			name = Authentication;
			sourceTree = "<group>";
		};
		520192481F0435B8001A057D /* Tag */ = {
			isa = PBXGroup;
			children = (
				520192491F0435E3001A057D /* PushingPolicyChosingViewController.swift */,
				528A27BD1F04410600C1F182 /* TaggingViewController.swift */,
			);
			name = Tag;
			sourceTree = "<group>";
		};
		5205DA921F02953D004DDAE9 /* SideMenu */ = {
			isa = PBXGroup;
			children = (
				5205DA861F029516004DDAE9 /* AnimationDelegate.swift */,
				5205DA871F029516004DDAE9 /* CircularRevealAnimator.swift */,
				5205DA881F029516004DDAE9 /* CircularRevealTransitionAnimator.swift */,
				5205DA8A1F029516004DDAE9 /* MenuViewController.swift */,
				5205DA8B1F029516004DDAE9 /* UITableViewCell.swift */,
			);
			name = SideMenu;
			sourceTree = "<group>";
		};
		5205DA951F029631004DDAE9 /* Controller */ = {
			isa = PBXGroup;
			children = (
				52183B571F05716F003BEB93 /* Setting */,
				520192481F0435B8001A057D /* Tag */,
				520192471F04358A001A057D /* Authentication */,
				5205DA891F029516004DDAE9 /* HomeViewController.swift */,
				52183B5C1F058A7C003BEB93 /* AboutUsViewController.swift */,
				52183B5E1F059114003BEB93 /* CongratulationViewController.swift */,
			);
			name = Controller;
			sourceTree = "<group>";
		};
		5205DA961F02963A004DDAE9 /* Tool */ = {
			isa = PBXGroup;
			children = (
				52D239B41F0296FA002E0945 /* APIManager.swift */,
				5205DA811F0294F7004DDAE9 /* Constants.swift */,
				52DFD89D1F03453A00AA7F12 /* ImgTaggerUtil.swift */,
			);
			name = Tool;
			sourceTree = "<group>";
		};
		5205DA971F02965A004DDAE9 /* Supporting Files */ = {
			isa = PBXGroup;
			children = (
				52173CAB1F051E030036FC10 /* ImgTagger-Bridging-Header.h */,
				529689C11EFE4AF000619D6D /* AppDelegate.swift */,
				529689C81EFE4AF000619D6D /* Assets.xcassets */,
				529689CA1EFE4AF000619D6D /* LaunchScreen.storyboard */,
				529689CD1EFE4AF000619D6D /* Info.plist */,
			);
			name = "Supporting Files";
			sourceTree = "<group>";
		};
		52173CA21F051C0F0036FC10 /* AMInputView */ = {
			isa = PBXGroup;
			children = (
				52173CA31F051C0F0036FC10 /* AMInputView.swift */,
				52173CA41F051C0F0036FC10 /* AMInputView.xib */,
			);
			path = AMInputView;
			sourceTree = "<group>";
		};
		52183B571F05716F003BEB93 /* Setting */ = {
			isa = PBXGroup;
			children = (
				52183B511F055703003BEB93 /* SettingViewController.swift */,
				52183B551F05716C003BEB93 /* PasswordResetingViewController.swift */,
				52183B581F0576F1003BEB93 /* NameChangingViewController.swift */,
				52183B5A1F057FE1003BEB93 /* HobbyChangingViewController.swift */,
			);
			name = Setting;
			sourceTree = "<group>";
		};
		526F07E71F049AD2002608A1 /* View */ = {
			isa = PBXGroup;
			children = (
				52173CA21F051C0F0036FC10 /* AMInputView */,
				526F07E81F049ADB002608A1 /* Cell */,
				5205DA931F029566004DDAE9 /* Main.storyboard */,
			);
			name = View;
			sourceTree = "<group>";
		};
		526F07E81F049ADB002608A1 /* Cell */ = {
			isa = PBXGroup;
			children = (
				526F07E91F049AF3002608A1 /* ImageTableViewCell.swift */,
				526F07EB1F049B06002608A1 /* TextFieldTableViewCell.swift */,
				526F07ED1F049B0D002608A1 /* LabelTableViewCell.swift */,
				52183B531F05624D003BEB93 /* SettingAvatarTableViewCell.swift */,
			);
			name = Cell;
			sourceTree = "<group>";
		};
		529689B51EFE4AF000619D6D = {
			isa = PBXGroup;
			children = (
				529689C01EFE4AF000619D6D /* ImgTagger */,
				529689D51EFE4AF100619D6D /* ImgTaggerTests */,
				529689BF1EFE4AF000619D6D /* Products */,
				3335E9BD260413B34697BD8D /* Pods */,
				F878217BDE8507C2D7055D4A /* Frameworks */,
			);
			sourceTree = "<group>";
		};
		529689BF1EFE4AF000619D6D /* Products */ = {
			isa = PBXGroup;
			children = (
				529689BE1EFE4AF000619D6D /* ImgTagger.app */,
				529689D21EFE4AF100619D6D /* ImgTaggerTests.xctest */,
			);
			name = Products;
			sourceTree = "<group>";
		};
		529689C01EFE4AF000619D6D /* ImgTagger */ = {
			isa = PBXGroup;
			children = (
				526F07E71F049AD2002608A1 /* View */,
				52E7B9DE1F02982900DF7896 /* Model */,
				5205DA961F02963A004DDAE9 /* Tool */,
				5205DA951F029631004DDAE9 /* Controller */,
				5205DA921F02953D004DDAE9 /* SideMenu */,
				5205DA971F02965A004DDAE9 /* Supporting Files */,
			);
			path = ImgTagger;
			sourceTree = "<group>";
		};
		529689D51EFE4AF100619D6D /* ImgTaggerTests */ = {
			isa = PBXGroup;
			children = (
				52D239B61F029757002E0945 /* NetworkTests.swift */,
				529689D61EFE4AF100619D6D /* ImgTaggerTests.swift */,
				529689D81EFE4AF100619D6D /* Info.plist */,
			);
			path = ImgTaggerTests;
			sourceTree = "<group>";
		};
		52E7B9DE1F02982900DF7896 /* Model */ = {
			isa = PBXGroup;
			children = (
				52A221A41F02A0A1000E01FA /* Tag.swift */,
				529422A31F041CA7009BC9C6 /* UserInfo.swift */,
				52E7B9DF1F02985000DF7896 /* User.swift */,
				52A221A81F02A146000E01FA /* Image.swift */,
				52A221A61F02A0F2000E01FA /* ServerPushData.swift */,
				526D734B1F03D06D00B6CB78 /* TaggedPushedData.swift */,
				526D734F1F03D44100B6CB78 /* Hobby.swift */,
				529422A11F0415C2009BC9C6 /* Score.swift */,
			);
			name = Model;
			sourceTree = "<group>";
		};
		F878217BDE8507C2D7055D4A /* Frameworks */ = {
			isa = PBXGroup;
			children = (
				DCC0D962C324428A4BDABB4A /* Pods_ImgTagger.framework */,
				42D8D7A476FA8D329BF51AA0 /* Pods_ImgTaggerTests.framework */,
			);
			name = Frameworks;
			sourceTree = "<group>";
		};
/* End PBXGroup section */

/* Begin PBXNativeTarget section */
		529689BD1EFE4AF000619D6D /* ImgTagger */ = {
			isa = PBXNativeTarget;
			buildConfigurationList = 529689DB1EFE4AF100619D6D /* Build configuration list for PBXNativeTarget "ImgTagger" */;
			buildPhases = (
				9B49CCBA293DDC4CA588E019 /* [CP] Check Pods Manifest.lock */,
				529689BA1EFE4AF000619D6D /* Sources */,
				529689BB1EFE4AF000619D6D /* Frameworks */,
				529689BC1EFE4AF000619D6D /* Resources */,
				AE52A3A57C51D238A2B95773 /* [CP] Embed Pods Frameworks */,
				F571799FE24870026E587EA1 /* [CP] Copy Pods Resources */,
			);
			buildRules = (
			);
			dependencies = (
			);
			name = ImgTagger;
			productName = ImgTagger;
			productReference = 529689BE1EFE4AF000619D6D /* ImgTagger.app */;
			productType = "com.apple.product-type.application";
		};
		529689D11EFE4AF100619D6D /* ImgTaggerTests */ = {
			isa = PBXNativeTarget;
			buildConfigurationList = 529689DE1EFE4AF100619D6D /* Build configuration list for PBXNativeTarget "ImgTaggerTests" */;
			buildPhases = (
				B0F788DB0BAD4DDFA541C1C9 /* [CP] Check Pods Manifest.lock */,
				529689CE1EFE4AF100619D6D /* Sources */,
				529689CF1EFE4AF100619D6D /* Frameworks */,
				529689D01EFE4AF100619D6D /* Resources */,
				55105E4EC740921E46145DB7 /* [CP] Embed Pods Frameworks */,
				3A72390E3DEEC953B62F4974 /* [CP] Copy Pods Resources */,
			);
			buildRules = (
			);
			dependencies = (
				529689D41EFE4AF100619D6D /* PBXTargetDependency */,
			);
			name = ImgTaggerTests;
			productName = ImgTaggerTests;
			productReference = 529689D21EFE4AF100619D6D /* ImgTaggerTests.xctest */;
			productType = "com.apple.product-type.bundle.unit-test";
		};
/* End PBXNativeTarget section */

/* Begin PBXProject section */
		529689B61EFE4AF000619D6D /* Project object */ = {
			isa = PBXProject;
			attributes = {
				LastSwiftUpdateCheck = 0830;
				LastUpgradeCheck = 0830;
				ORGANIZATIONNAME = SeaCluster;
				TargetAttributes = {
					529689BD1EFE4AF000619D6D = {
						CreatedOnToolsVersion = 8.3.3;
						DevelopmentTeam = 6A657LNQ4S;
						LastSwiftMigration = 0830;
						ProvisioningStyle = Automatic;
					};
					529689D11EFE4AF100619D6D = {
						CreatedOnToolsVersion = 8.3.3;
						DevelopmentTeam = 6A657LNQ4S;
						ProvisioningStyle = Automatic;
						TestTargetID = 529689BD1EFE4AF000619D6D;
					};
				};
			};
			buildConfigurationList = 529689B91EFE4AF000619D6D /* Build configuration list for PBXProject "ImgTagger" */;
			compatibilityVersion = "Xcode 3.2";
			developmentRegion = English;
			hasScannedForEncodings = 0;
			knownRegions = (
				en,
				Base,
			);
			mainGroup = 529689B51EFE4AF000619D6D;
			productRefGroup = 529689BF1EFE4AF000619D6D /* Products */;
			projectDirPath = "";
			projectRoot = "";
			targets = (
				529689BD1EFE4AF000619D6D /* ImgTagger */,
				529689D11EFE4AF100619D6D /* ImgTaggerTests */,
			);
		};
/* End PBXProject section */

/* Begin PBXResourcesBuildPhase section */
		529689BC1EFE4AF000619D6D /* Resources */ = {
			isa = PBXResourcesBuildPhase;
			buildActionMask = 2147483647;
			files = (
				5205DA941F029566004DDAE9 /* Main.storyboard in Resources */,
				52173CA61F051C0F0036FC10 /* AMInputView.xib in Resources */,
				529689CC1EFE4AF000619D6D /* LaunchScreen.storyboard in Resources */,
				529689C91EFE4AF000619D6D /* Assets.xcassets in Resources */,
			);
			runOnlyForDeploymentPostprocessing = 0;
		};
		529689D01EFE4AF100619D6D /* Resources */ = {
			isa = PBXResourcesBuildPhase;
			buildActionMask = 2147483647;
			files = (
			);
			runOnlyForDeploymentPostprocessing = 0;
		};
/* End PBXResourcesBuildPhase section */

/* Begin PBXShellScriptBuildPhase section */
		3A72390E3DEEC953B62F4974 /* [CP] Copy Pods Resources */ = {
			isa = PBXShellScriptBuildPhase;
			buildActionMask = 2147483647;
			files = (
			);
			inputPaths = (
			);
			name = "[CP] Copy Pods Resources";
			outputPaths = (
			);
			runOnlyForDeploymentPostprocessing = 0;
			shellPath = /bin/sh;
			shellScript = "\"${SRCROOT}/Pods/Target Support Files/Pods-ImgTaggerTests/Pods-ImgTaggerTests-resources.sh\"\n";
			showEnvVarsInLog = 0;
		};
		55105E4EC740921E46145DB7 /* [CP] Embed Pods Frameworks */ = {
			isa = PBXShellScriptBuildPhase;
			buildActionMask = 2147483647;
			files = (
			);
			inputPaths = (
			);
			name = "[CP] Embed Pods Frameworks";
			outputPaths = (
			);
			runOnlyForDeploymentPostprocessing = 0;
			shellPath = /bin/sh;
			shellScript = "\"${SRCROOT}/Pods/Target Support Files/Pods-ImgTaggerTests/Pods-ImgTaggerTests-frameworks.sh\"\n";
			showEnvVarsInLog = 0;
		};
		9B49CCBA293DDC4CA588E019 /* [CP] Check Pods Manifest.lock */ = {
			isa = PBXShellScriptBuildPhase;
			buildActionMask = 2147483647;
			files = (
			);
			inputPaths = (
			);
			name = "[CP] Check Pods Manifest.lock";
			outputPaths = (
			);
			runOnlyForDeploymentPostprocessing = 0;
			shellPath = /bin/sh;
			shellScript = "diff \"${PODS_PODFILE_DIR_PATH}/Podfile.lock\" \"${PODS_ROOT}/Manifest.lock\" > /dev/null\nif [ $? != 0 ] ; then\n    # print error to STDERR\n    echo \"error: The sandbox is not in sync with the Podfile.lock. Run 'pod install' or update your CocoaPods installation.\" >&2\n    exit 1\nfi\n";
			showEnvVarsInLog = 0;
		};
		AE52A3A57C51D238A2B95773 /* [CP] Embed Pods Frameworks */ = {
			isa = PBXShellScriptBuildPhase;
			buildActionMask = 2147483647;
			files = (
			);
			inputPaths = (
			);
			name = "[CP] Embed Pods Frameworks";
			outputPaths = (
			);
			runOnlyForDeploymentPostprocessing = 0;
			shellPath = /bin/sh;
			shellScript = "\"${SRCROOT}/Pods/Target Support Files/Pods-ImgTagger/Pods-ImgTagger-frameworks.sh\"\n";
			showEnvVarsInLog = 0;
		};
		B0F788DB0BAD4DDFA541C1C9 /* [CP] Check Pods Manifest.lock */ = {
			isa = PBXShellScriptBuildPhase;
			buildActionMask = 2147483647;
			files = (
			);
			inputPaths = (
			);
			name = "[CP] Check Pods Manifest.lock";
			outputPaths = (
			);
			runOnlyForDeploymentPostprocessing = 0;
			shellPath = /bin/sh;
			shellScript = "diff \"${PODS_PODFILE_DIR_PATH}/Podfile.lock\" \"${PODS_ROOT}/Manifest.lock\" > /dev/null\nif [ $? != 0 ] ; then\n    # print error to STDERR\n    echo \"error: The sandbox is not in sync with the Podfile.lock. Run 'pod install' or update your CocoaPods installation.\" >&2\n    exit 1\nfi\n";
			showEnvVarsInLog = 0;
		};
		F571799FE24870026E587EA1 /* [CP] Copy Pods Resources */ = {
			isa = PBXShellScriptBuildPhase;
			buildActionMask = 2147483647;
			files = (
			);
			inputPaths = (
			);
			name = "[CP] Copy Pods Resources";
			outputPaths = (
			);
			runOnlyForDeploymentPostprocessing = 0;
			shellPath = /bin/sh;
			shellScript = "\"${SRCROOT}/Pods/Target Support Files/Pods-ImgTagger/Pods-ImgTagger-resources.sh\"\n";
			showEnvVarsInLog = 0;
		};
/* End PBXShellScriptBuildPhase section */

/* Begin PBXSourcesBuildPhase section */
		529689BA1EFE4AF000619D6D /* Sources */ = {
			isa = PBXSourcesBuildPhase;
			buildActionMask = 2147483647;
			files = (
				52183B5B1F057FE1003BEB93 /* HobbyChangingViewController.swift in Sources */,
				52173CA51F051C0F0036FC10 /* AMInputView.swift in Sources */,
				526D734C1F03D06D00B6CB78 /* TaggedPushedData.swift in Sources */,
				5201924A1F0435E3001A057D /* PushingPolicyChosingViewController.swift in Sources */,
				529689C21EFE4AF000619D6D /* AppDelegate.swift in Sources */,
				526F07EC1F049B06002608A1 /* TextFieldTableViewCell.swift in Sources */,
				5205DA8F1F029516004DDAE9 /* HomeViewController.swift in Sources */,
				5205DA901F029516004DDAE9 /* MenuViewController.swift in Sources */,
				52183B541F05624D003BEB93 /* SettingAvatarTableViewCell.swift in Sources */,
				52D239B51F0296FA002E0945 /* APIManager.swift in Sources */,
				526F07EA1F049AF3002608A1 /* ImageTableViewCell.swift in Sources */,
				5205DA911F029516004DDAE9 /* UITableViewCell.swift in Sources */,
				52A221A91F02A146000E01FA /* Image.swift in Sources */,
				5205DA8C1F029516004DDAE9 /* AnimationDelegate.swift in Sources */,
				526F07EE1F049B0D002608A1 /* LabelTableViewCell.swift in Sources */,
				529422A41F041CA7009BC9C6 /* UserInfo.swift in Sources */,
				528A27BE1F04410600C1F182 /* TaggingViewController.swift in Sources */,
				52A221A51F02A0A1000E01FA /* Tag.swift in Sources */,
				5205DA8D1F029516004DDAE9 /* CircularRevealAnimator.swift in Sources */,
				52183B591F0576F1003BEB93 /* NameChangingViewController.swift in Sources */,
				52183B5D1F058A7C003BEB93 /* AboutUsViewController.swift in Sources */,
				52A221A71F02A0F2000E01FA /* ServerPushData.swift in Sources */,
				52183B521F055703003BEB93 /* SettingViewController.swift in Sources */,
				526D73501F03D44100B6CB78 /* Hobby.swift in Sources */,
				52183B561F05716C003BEB93 /* PasswordResetingViewController.swift in Sources */,
				529422A21F0415C2009BC9C6 /* Score.swift in Sources */,
				5205DA8E1F029516004DDAE9 /* CircularRevealTransitionAnimator.swift in Sources */,
				52173CAD1F051E420036FC10 /* AuthenticationViewController.swift in Sources */,
				52E7B9E01F02985000DF7896 /* User.swift in Sources */,
				5205DA841F0294F7004DDAE9 /* Constants.swift in Sources */,
				52183B5F1F059114003BEB93 /* CongratulationViewController.swift in Sources */,
				52DFD89E1F03453A00AA7F12 /* ImgTaggerUtil.swift in Sources */,
			);
			runOnlyForDeploymentPostprocessing = 0;
		};
		529689CE1EFE4AF100619D6D /* Sources */ = {
			isa = PBXSourcesBuildPhase;
			buildActionMask = 2147483647;
			files = (
				52D239B71F029757002E0945 /* NetworkTests.swift in Sources */,
				529689D71EFE4AF100619D6D /* ImgTaggerTests.swift in Sources */,
			);
			runOnlyForDeploymentPostprocessing = 0;
		};
/* End PBXSourcesBuildPhase section */

/* Begin PBXTargetDependency section */
		529689D41EFE4AF100619D6D /* PBXTargetDependency */ = {
			isa = PBXTargetDependency;
			target = 529689BD1EFE4AF000619D6D /* ImgTagger */;
			targetProxy = 529689D31EFE4AF100619D6D /* PBXContainerItemProxy */;
		};
/* End PBXTargetDependency section */

/* Begin PBXVariantGroup section */
		529689CA1EFE4AF000619D6D /* LaunchScreen.storyboard */ = {
			isa = PBXVariantGroup;
			children = (
				529689CB1EFE4AF000619D6D /* Base */,
			);
			name = LaunchScreen.storyboard;
			sourceTree = "<group>";
		};
/* End PBXVariantGroup section */

/* Begin XCBuildConfiguration section */
		529689D91EFE4AF100619D6D /* Debug */ = {
			isa = XCBuildConfiguration;
			buildSettings = {
				ALWAYS_SEARCH_USER_PATHS = NO;
				CLANG_ANALYZER_NONNULL = YES;
				CLANG_ANALYZER_NUMBER_OBJECT_CONVERSION = YES_AGGRESSIVE;
				CLANG_CXX_LANGUAGE_STANDARD = "gnu++0x";
				CLANG_CXX_LIBRARY = "libc++";
				CLANG_ENABLE_MODULES = YES;
				CLANG_ENABLE_OBJC_ARC = YES;
				CLANG_WARN_BOOL_CONVERSION = YES;
				CLANG_WARN_CONSTANT_CONVERSION = YES;
				CLANG_WARN_DIRECT_OBJC_ISA_USAGE = YES_ERROR;
				CLANG_WARN_DOCUMENTATION_COMMENTS = YES;
				CLANG_WARN_EMPTY_BODY = YES;
				CLANG_WARN_ENUM_CONVERSION = YES;
				CLANG_WARN_INFINITE_RECURSION = YES;
				CLANG_WARN_INT_CONVERSION = YES;
				CLANG_WARN_OBJC_ROOT_CLASS = YES_ERROR;
				CLANG_WARN_SUSPICIOUS_MOVE = YES;
				CLANG_WARN_UNREACHABLE_CODE = YES;
				CLANG_WARN__DUPLICATE_METHOD_MATCH = YES;
				"CODE_SIGN_IDENTITY[sdk=iphoneos*]" = "iPhone Developer";
				COPY_PHASE_STRIP = NO;
				DEBUG_INFORMATION_FORMAT = dwarf;
				ENABLE_STRICT_OBJC_MSGSEND = YES;
				ENABLE_TESTABILITY = YES;
				GCC_C_LANGUAGE_STANDARD = gnu99;
				GCC_DYNAMIC_NO_PIC = NO;
				GCC_NO_COMMON_BLOCKS = YES;
				GCC_OPTIMIZATION_LEVEL = 0;
				GCC_PREPROCESSOR_DEFINITIONS = (
					"DEBUG=1",
					"$(inherited)",
				);
				GCC_WARN_64_TO_32_BIT_CONVERSION = YES;
				GCC_WARN_ABOUT_RETURN_TYPE = YES_ERROR;
				GCC_WARN_UNDECLARED_SELECTOR = YES;
				GCC_WARN_UNINITIALIZED_AUTOS = YES_AGGRESSIVE;
				GCC_WARN_UNUSED_FUNCTION = YES;
				GCC_WARN_UNUSED_VARIABLE = YES;
				IPHONEOS_DEPLOYMENT_TARGET = 10.3;
				MTL_ENABLE_DEBUG_INFO = YES;
				ONLY_ACTIVE_ARCH = YES;
				SDKROOT = iphoneos;
				SWIFT_ACTIVE_COMPILATION_CONDITIONS = DEBUG;
				SWIFT_OBJC_BRIDGING_HEADER = "ImgTagger/ImgTagger-Bridging-Header.h";
				SWIFT_OPTIMIZATION_LEVEL = "-Onone";
			};
			name = Debug;
		};
		529689DA1EFE4AF100619D6D /* Release */ = {
			isa = XCBuildConfiguration;
			buildSettings = {
				ALWAYS_SEARCH_USER_PATHS = NO;
				CLANG_ANALYZER_NONNULL = YES;
				CLANG_ANALYZER_NUMBER_OBJECT_CONVERSION = YES_AGGRESSIVE;
				CLANG_CXX_LANGUAGE_STANDARD = "gnu++0x";
				CLANG_CXX_LIBRARY = "libc++";
				CLANG_ENABLE_MODULES = YES;
				CLANG_ENABLE_OBJC_ARC = YES;
				CLANG_WARN_BOOL_CONVERSION = YES;
				CLANG_WARN_CONSTANT_CONVERSION = YES;
				CLANG_WARN_DIRECT_OBJC_ISA_USAGE = YES_ERROR;
				CLANG_WARN_DOCUMENTATION_COMMENTS = YES;
				CLANG_WARN_EMPTY_BODY = YES;
				CLANG_WARN_ENUM_CONVERSION = YES;
				CLANG_WARN_INFINITE_RECURSION = YES;
				CLANG_WARN_INT_CONVERSION = YES;
				CLANG_WARN_OBJC_ROOT_CLASS = YES_ERROR;
				CLANG_WARN_SUSPICIOUS_MOVE = YES;
				CLANG_WARN_UNREACHABLE_CODE = YES;
				CLANG_WARN__DUPLICATE_METHOD_MATCH = YES;
				"CODE_SIGN_IDENTITY[sdk=iphoneos*]" = "iPhone Developer";
				COPY_PHASE_STRIP = NO;
				DEBUG_INFORMATION_FORMAT = "dwarf-with-dsym";
				ENABLE_NS_ASSERTIONS = NO;
				ENABLE_STRICT_OBJC_MSGSEND = YES;
				GCC_C_LANGUAGE_STANDARD = gnu99;
				GCC_NO_COMMON_BLOCKS = YES;
				GCC_WARN_64_TO_32_BIT_CONVERSION = YES;
				GCC_WARN_ABOUT_RETURN_TYPE = YES_ERROR;
				GCC_WARN_UNDECLARED_SELECTOR = YES;
				GCC_WARN_UNINITIALIZED_AUTOS = YES_AGGRESSIVE;
				GCC_WARN_UNUSED_FUNCTION = YES;
				GCC_WARN_UNUSED_VARIABLE = YES;
				IPHONEOS_DEPLOYMENT_TARGET = 10.3;
				MTL_ENABLE_DEBUG_INFO = NO;
				SDKROOT = iphoneos;
				SWIFT_OBJC_BRIDGING_HEADER = "ImgTagger/ImgTagger-Bridging-Header.h";
				SWIFT_OPTIMIZATION_LEVEL = "-Owholemodule";
				VALIDATE_PRODUCT = YES;
			};
			name = Release;
		};
		529689DC1EFE4AF100619D6D /* Debug */ = {
			isa = XCBuildConfiguration;
			baseConfigurationReference = 86EA894D1878E093EB56261B /* Pods-ImgTagger.debug.xcconfig */;
			buildSettings = {
				ASSETCATALOG_COMPILER_APPICON_NAME = AppIcon;
				CLANG_ENABLE_MODULES = YES;
				DEVELOPMENT_TEAM = 6A657LNQ4S;
				INFOPLIST_FILE = ImgTagger/Info.plist;
				LD_RUNPATH_SEARCH_PATHS = "$(inherited) @executable_path/Frameworks";
				PRODUCT_BUNDLE_IDENTIFIER = com.Seahub.ImgTagger;
				PRODUCT_NAME = "$(TARGET_NAME)";
				SWIFT_OBJC_BRIDGING_HEADER = "ImgTagger/ImgTagger-Bridging-Header.h";
				SWIFT_OPTIMIZATION_LEVEL = "-Onone";
				SWIFT_VERSION = 3.0;
			};
			name = Debug;
		};
		529689DD1EFE4AF100619D6D /* Release */ = {
			isa = XCBuildConfiguration;
			baseConfigurationReference = 3F3C56CFE857E28C31A589F4 /* Pods-ImgTagger.release.xcconfig */;
			buildSettings = {
				ASSETCATALOG_COMPILER_APPICON_NAME = AppIcon;
				CLANG_ENABLE_MODULES = YES;
				DEVELOPMENT_TEAM = 6A657LNQ4S;
				INFOPLIST_FILE = ImgTagger/Info.plist;
				LD_RUNPATH_SEARCH_PATHS = "$(inherited) @executable_path/Frameworks";
				PRODUCT_BUNDLE_IDENTIFIER = com.Seahub.ImgTagger;
				PRODUCT_NAME = "$(TARGET_NAME)";
				SWIFT_OBJC_BRIDGING_HEADER = "ImgTagger/ImgTagger-Bridging-Header.h";
				SWIFT_VERSION = 3.0;
			};
			name = Release;
		};
		529689DF1EFE4AF100619D6D /* Debug */ = {
			isa = XCBuildConfiguration;
			baseConfigurationReference = 84934CB5131277D51855F715 /* Pods-ImgTaggerTests.debug.xcconfig */;
			buildSettings = {
				ALWAYS_EMBED_SWIFT_STANDARD_LIBRARIES = YES;
				BUNDLE_LOADER = "$(TEST_HOST)";
				DEVELOPMENT_TEAM = 6A657LNQ4S;
				INFOPLIST_FILE = ImgTaggerTests/Info.plist;
				LD_RUNPATH_SEARCH_PATHS = "$(inherited) @executable_path/Frameworks @loader_path/Frameworks";
				PRODUCT_BUNDLE_IDENTIFIER = com.Seahub.ImgTaggerTests;
				PRODUCT_NAME = "$(TARGET_NAME)";
				SWIFT_VERSION = 3.0;
				TEST_HOST = "$(BUILT_PRODUCTS_DIR)/ImgTagger.app/ImgTagger";
			};
			name = Debug;
		};
		529689E01EFE4AF100619D6D /* Release */ = {
			isa = XCBuildConfiguration;
			baseConfigurationReference = 910FC58F0AE620F62F44C2FB /* Pods-ImgTaggerTests.release.xcconfig */;
			buildSettings = {
				ALWAYS_EMBED_SWIFT_STANDARD_LIBRARIES = YES;
				BUNDLE_LOADER = "$(TEST_HOST)";
				DEVELOPMENT_TEAM = 6A657LNQ4S;
				INFOPLIST_FILE = ImgTaggerTests/Info.plist;
				LD_RUNPATH_SEARCH_PATHS = "$(inherited) @executable_path/Frameworks @loader_path/Frameworks";
				PRODUCT_BUNDLE_IDENTIFIER = com.Seahub.ImgTaggerTests;
				PRODUCT_NAME = "$(TARGET_NAME)";
				SWIFT_VERSION = 3.0;
				TEST_HOST = "$(BUILT_PRODUCTS_DIR)/ImgTagger.app/ImgTagger";
			};
			name = Release;
		};
/* End XCBuildConfiguration section */

/* Begin XCConfigurationList section */
		529689B91EFE4AF000619D6D /* Build configuration list for PBXProject "ImgTagger" */ = {
			isa = XCConfigurationList;
			buildConfigurations = (
				529689D91EFE4AF100619D6D /* Debug */,
				529689DA1EFE4AF100619D6D /* Release */,
			);
			defaultConfigurationIsVisible = 0;
			defaultConfigurationName = Release;
		};
		529689DB1EFE4AF100619D6D /* Build configuration list for PBXNativeTarget "ImgTagger" */ = {
			isa = XCConfigurationList;
			buildConfigurations = (
				529689DC1EFE4AF100619D6D /* Debug */,
				529689DD1EFE4AF100619D6D /* Release */,
			);
			defaultConfigurationIsVisible = 0;
			defaultConfigurationName = Release;
		};
		529689DE1EFE4AF100619D6D /* Build configuration list for PBXNativeTarget "ImgTaggerTests" */ = {
			isa = XCConfigurationList;
			buildConfigurations = (
				529689DF1EFE4AF100619D6D /* Debug */,
				529689E01EFE4AF100619D6D /* Release */,
			);
			defaultConfigurationIsVisible = 0;
			defaultConfigurationName = Release;
		};
/* End XCConfigurationList section */
	};
	rootObject = 529689B61EFE4AF000619D6D /* Project object */;
}
