PODS:
  - Alamofire (4.5.0)
  - NVActivityIndicatorView (3.6.1)
  - SwiftyJSON (3.1.4)
  - YALSideMenu (2.0.1)

DEPENDENCIES:
  - Alamofire (~> 4.4)
  - NVActivityIndicatorView
  - SwiftyJSON
  - YALSideMenu (~> 2.0)

SPEC CHECKSUMS:
  Alamofire: f28cdffd29de33a7bfa022cbd63ae95a27fae140
  NVActivityIndicatorView: 9f52a7f84bf5c6a798722c450fe3c198e01c56ed
  SwiftyJSON: c2842d878f95482ffceec5709abc3d05680c0220
  YALSideMenu: 4d6b90ea44dcdded18a99e46b676e4ad51d9c6bb

PODFILE CHECKSUM: 3f58b8a2072ce04d4a3dba0d7865e06c63b32749

COCOAPODS: 1.2.1
